
Microsoft Visual Studio Solution File, Format Version 12.00
# Visual Studio Version 16
VisualStudioVersion = 16.0.28729.10
MinimumVisualStudioVersion = 10.0.40219.1
Project("{FAE04EC0-301F-11D3-BF4B-00C04F79EFBC}") = "MDispatch.iOS", "MDispatch\MDispatch.iOS\MDispatch.iOS.csproj", "{FFE941D5-E279-4090-AEEA-9A32BE01D3D7}"
EndProject
Project("{9A19103F-16F7-4668-BE54-9A1E7A4F7556}") = "MDispatch", "MDispatch\MDispatch\MDispatch.csproj", "{D6CD94AD-B4AF-4C31-B29D-789E2FBD7D48}"
EndProject
Project("{FAE04EC0-301F-11D3-BF4B-00C04F79EFBC}") = "MDispatch.Android", "MDispatch\MDispatch.Android\MDispatch.Android.csproj", "{19D6D24D-FD79-42B1-ABA5-038875180AED}"
EndProject
Project("{9344BDBB-3E7F-41FC-A0DD-8665D75EE146}") = "WebDispacher", "WebDispacher\WebDispacher.csproj", "{800B1076-DC8D-425F-91B6-1FDFB7C28252}"
EndProject
Project("{9344BDBB-3E7F-41FC-A0DD-8665D75EE146}") = "DaoModels", "DaoModels\DaoModels.csproj", "{46CA3562-19A4-48C1-9950-0426DFBA3D66}"
EndProject
Project("{FAE04EC0-301F-11D3-BF4B-00C04F79EFBC}") = "ApiMobaileServise", "ApiMobaileServise\ApiMobaileServise.csproj", "{F15680CA-FED8-4F38-A794-316FF47CDCE4}"
EndProject
Project("{9344BDBB-3E7F-41FC-A0DD-8665D75EE146}") = "BaceModel", "BaceModel\BaceModel.csproj", "{6496C5BF-0239-44DA-B70B-F33AAA15CB7C}"
EndProject
Project("{9344BDBB-3E7F-41FC-A0DD-8665D75EE146}") = "Parser", "Parser\Parser.csproj", "{A90B2546-7B99-4CBF-B78F-50BB4275F152}"
EndProject
Project("{9344BDBB-3E7F-41FC-A0DD-8665D75EE146}") = "Expansion", "Expansion\Expansion.csproj", "{2BB08B0F-271C-4F6D-B2CE-ECC28E6BEC27}"
EndProject
Global
	GlobalSection(SolutionConfigurationPlatforms) = preSolution
		Ad-Hoc|Any CPU = Ad-Hoc|Any CPU
		Ad-Hoc|iPhone = Ad-Hoc|iPhone
		Ad-Hoc|iPhoneSimulator = Ad-Hoc|iPhoneSimulator
		Ad-Hoc|x64 = Ad-Hoc|x64
		AppStore|Any CPU = AppStore|Any CPU
		AppStore|iPhone = AppStore|iPhone
		AppStore|iPhoneSimulator = AppStore|iPhoneSimulator
		AppStore|x64 = AppStore|x64
		Debug|Any CPU = Debug|Any CPU
		Debug|iPhone = Debug|iPhone
		Debug|iPhoneSimulator = Debug|iPhoneSimulator
		Debug|x64 = Debug|x64
		Release|Any CPU = Release|Any CPU
		Release|iPhone = Release|iPhone
		Release|iPhoneSimulator = Release|iPhoneSimulator
		Release|x64 = Release|x64
	EndGlobalSection
	GlobalSection(ProjectConfigurationPlatforms) = postSolution
		{FFE941D5-E279-4090-AEEA-9A32BE01D3D7}.Ad-Hoc|Any CPU.ActiveCfg = Ad-Hoc|iPhone
		{FFE941D5-E279-4090-AEEA-9A32BE01D3D7}.Ad-Hoc|iPhone.ActiveCfg = Ad-Hoc|iPhone
		{FFE941D5-E279-4090-AEEA-9A32BE01D3D7}.Ad-Hoc|iPhone.Build.0 = Ad-Hoc|iPhone
		{FFE941D5-E279-4090-AEEA-9A32BE01D3D7}.Ad-Hoc|iPhoneSimulator.ActiveCfg = Ad-Hoc|iPhoneSimulator
		{FFE941D5-E279-4090-AEEA-9A32BE01D3D7}.Ad-Hoc|iPhoneSimulator.Build.0 = Ad-Hoc|iPhoneSimulator
		{FFE941D5-E279-4090-AEEA-9A32BE01D3D7}.Ad-Hoc|x64.ActiveCfg = Ad-Hoc|x64
		{FFE941D5-E279-4090-AEEA-9A32BE01D3D7}.Ad-Hoc|x64.Build.0 = Ad-Hoc|x64
		{FFE941D5-E279-4090-AEEA-9A32BE01D3D7}.AppStore|Any CPU.ActiveCfg = AppStore|iPhone
		{FFE941D5-E279-4090-AEEA-9A32BE01D3D7}.AppStore|iPhone.ActiveCfg = AppStore|iPhone
		{FFE941D5-E279-4090-AEEA-9A32BE01D3D7}.AppStore|iPhone.Build.0 = AppStore|iPhone
		{FFE941D5-E279-4090-AEEA-9A32BE01D3D7}.AppStore|iPhoneSimulator.ActiveCfg = AppStore|iPhoneSimulator
		{FFE941D5-E279-4090-AEEA-9A32BE01D3D7}.AppStore|iPhoneSimulator.Build.0 = AppStore|iPhoneSimulator
		{FFE941D5-E279-4090-AEEA-9A32BE01D3D7}.AppStore|x64.ActiveCfg = AppStore|x64
		{FFE941D5-E279-4090-AEEA-9A32BE01D3D7}.AppStore|x64.Build.0 = AppStore|x64
		{FFE941D5-E279-4090-AEEA-9A32BE01D3D7}.Debug|Any CPU.ActiveCfg = Debug|iPhone
		{FFE941D5-E279-4090-AEEA-9A32BE01D3D7}.Debug|iPhone.ActiveCfg = Debug|iPhone
		{FFE941D5-E279-4090-AEEA-9A32BE01D3D7}.Debug|iPhone.Build.0 = Debug|iPhone
		{FFE941D5-E279-4090-AEEA-9A32BE01D3D7}.Debug|iPhone.Deploy.0 = Debug|iPhone
		{FFE941D5-E279-4090-AEEA-9A32BE01D3D7}.Debug|iPhoneSimulator.ActiveCfg = Debug|iPhone
		{FFE941D5-E279-4090-AEEA-9A32BE01D3D7}.Debug|iPhoneSimulator.Build.0 = Debug|iPhone
		{FFE941D5-E279-4090-AEEA-9A32BE01D3D7}.Debug|x64.ActiveCfg = Debug|iPhoneSimulator
		{FFE941D5-E279-4090-AEEA-9A32BE01D3D7}.Debug|x64.Build.0 = Debug|iPhoneSimulator
		{FFE941D5-E279-4090-AEEA-9A32BE01D3D7}.Release|Any CPU.ActiveCfg = Release|iPhone
		{FFE941D5-E279-4090-AEEA-9A32BE01D3D7}.Release|iPhone.ActiveCfg = Release|iPhone
		{FFE941D5-E279-4090-AEEA-9A32BE01D3D7}.Release|iPhone.Build.0 = Release|iPhone
		{FFE941D5-E279-4090-AEEA-9A32BE01D3D7}.Release|iPhoneSimulator.ActiveCfg = Release|iPhoneSimulator
		{FFE941D5-E279-4090-AEEA-9A32BE01D3D7}.Release|iPhoneSimulator.Build.0 = Release|iPhoneSimulator
		{FFE941D5-E279-4090-AEEA-9A32BE01D3D7}.Release|x64.ActiveCfg = Release|x64
		{FFE941D5-E279-4090-AEEA-9A32BE01D3D7}.Release|x64.Build.0 = Release|x64
		{D6CD94AD-B4AF-4C31-B29D-789E2FBD7D48}.Ad-Hoc|Any CPU.ActiveCfg = Debug|Any CPU
		{D6CD94AD-B4AF-4C31-B29D-789E2FBD7D48}.Ad-Hoc|Any CPU.Build.0 = Debug|Any CPU
		{D6CD94AD-B4AF-4C31-B29D-789E2FBD7D48}.Ad-Hoc|iPhone.ActiveCfg = Debug|Any CPU
		{D6CD94AD-B4AF-4C31-B29D-789E2FBD7D48}.Ad-Hoc|iPhone.Build.0 = Debug|Any CPU
		{D6CD94AD-B4AF-4C31-B29D-789E2FBD7D48}.Ad-Hoc|iPhoneSimulator.ActiveCfg = Debug|Any CPU
		{D6CD94AD-B4AF-4C31-B29D-789E2FBD7D48}.Ad-Hoc|iPhoneSimulator.Build.0 = Debug|Any CPU
		{D6CD94AD-B4AF-4C31-B29D-789E2FBD7D48}.Ad-Hoc|x64.ActiveCfg = Release|Any CPU
		{D6CD94AD-B4AF-4C31-B29D-789E2FBD7D48}.Ad-Hoc|x64.Build.0 = Release|Any CPU
		{D6CD94AD-B4AF-4C31-B29D-789E2FBD7D48}.AppStore|Any CPU.ActiveCfg = Debug|Any CPU
		{D6CD94AD-B4AF-4C31-B29D-789E2FBD7D48}.AppStore|Any CPU.Build.0 = Debug|Any CPU
		{D6CD94AD-B4AF-4C31-B29D-789E2FBD7D48}.AppStore|iPhone.ActiveCfg = Debug|Any CPU
		{D6CD94AD-B4AF-4C31-B29D-789E2FBD7D48}.AppStore|iPhone.Build.0 = Debug|Any CPU
		{D6CD94AD-B4AF-4C31-B29D-789E2FBD7D48}.AppStore|iPhoneSimulator.ActiveCfg = Debug|Any CPU
		{D6CD94AD-B4AF-4C31-B29D-789E2FBD7D48}.AppStore|iPhoneSimulator.Build.0 = Debug|Any CPU
		{D6CD94AD-B4AF-4C31-B29D-789E2FBD7D48}.AppStore|x64.ActiveCfg = Release|Any CPU
		{D6CD94AD-B4AF-4C31-B29D-789E2FBD7D48}.AppStore|x64.Build.0 = Release|Any CPU
		{D6CD94AD-B4AF-4C31-B29D-789E2FBD7D48}.Debug|Any CPU.ActiveCfg = Debug|Any CPU
		{D6CD94AD-B4AF-4C31-B29D-789E2FBD7D48}.Debug|Any CPU.Build.0 = Debug|Any CPU
		{D6CD94AD-B4AF-4C31-B29D-789E2FBD7D48}.Debug|iPhone.ActiveCfg = Debug|Any CPU
		{D6CD94AD-B4AF-4C31-B29D-789E2FBD7D48}.Debug|iPhone.Build.0 = Debug|Any CPU
		{D6CD94AD-B4AF-4C31-B29D-789E2FBD7D48}.Debug|iPhoneSimulator.ActiveCfg = Debug|Any CPU
		{D6CD94AD-B4AF-4C31-B29D-789E2FBD7D48}.Debug|iPhoneSimulator.Build.0 = Debug|Any CPU
		{D6CD94AD-B4AF-4C31-B29D-789E2FBD7D48}.Debug|x64.ActiveCfg = Debug|Any CPU
		{D6CD94AD-B4AF-4C31-B29D-789E2FBD7D48}.Debug|x64.Build.0 = Debug|Any CPU
		{D6CD94AD-B4AF-4C31-B29D-789E2FBD7D48}.Release|Any CPU.ActiveCfg = Release|Any CPU
		{D6CD94AD-B4AF-4C31-B29D-789E2FBD7D48}.Release|Any CPU.Build.0 = Release|Any CPU
		{D6CD94AD-B4AF-4C31-B29D-789E2FBD7D48}.Release|iPhone.ActiveCfg = Release|Any CPU
		{D6CD94AD-B4AF-4C31-B29D-789E2FBD7D48}.Release|iPhone.Build.0 = Release|Any CPU
		{D6CD94AD-B4AF-4C31-B29D-789E2FBD7D48}.Release|iPhoneSimulator.ActiveCfg = Release|Any CPU
		{D6CD94AD-B4AF-4C31-B29D-789E2FBD7D48}.Release|iPhoneSimulator.Build.0 = Release|Any CPU
		{D6CD94AD-B4AF-4C31-B29D-789E2FBD7D48}.Release|x64.ActiveCfg = Release|Any CPU
		{D6CD94AD-B4AF-4C31-B29D-789E2FBD7D48}.Release|x64.Build.0 = Release|Any CPU
		{19D6D24D-FD79-42B1-ABA5-038875180AED}.Ad-Hoc|Any CPU.ActiveCfg = Release|Any CPU
		{19D6D24D-FD79-42B1-ABA5-038875180AED}.Ad-Hoc|Any CPU.Build.0 = Release|Any CPU
		{19D6D24D-FD79-42B1-ABA5-038875180AED}.Ad-Hoc|Any CPU.Deploy.0 = Release|Any CPU
		{19D6D24D-FD79-42B1-ABA5-038875180AED}.Ad-Hoc|iPhone.ActiveCfg = Release|Any CPU
		{19D6D24D-FD79-42B1-ABA5-038875180AED}.Ad-Hoc|iPhone.Build.0 = Release|Any CPU
		{19D6D24D-FD79-42B1-ABA5-038875180AED}.Ad-Hoc|iPhone.Deploy.0 = Release|Any CPU
		{19D6D24D-FD79-42B1-ABA5-038875180AED}.Ad-Hoc|iPhoneSimulator.ActiveCfg = Release|Any CPU
		{19D6D24D-FD79-42B1-ABA5-038875180AED}.Ad-Hoc|iPhoneSimulator.Build.0 = Release|Any CPU
		{19D6D24D-FD79-42B1-ABA5-038875180AED}.Ad-Hoc|iPhoneSimulator.Deploy.0 = Release|Any CPU
		{19D6D24D-FD79-42B1-ABA5-038875180AED}.Ad-Hoc|x64.ActiveCfg = Debug|Any CPU
		{19D6D24D-FD79-42B1-ABA5-038875180AED}.Ad-Hoc|x64.Build.0 = Debug|Any CPU
		{19D6D24D-FD79-42B1-ABA5-038875180AED}.Ad-Hoc|x64.Deploy.0 = Debug|Any CPU
		{19D6D24D-FD79-42B1-ABA5-038875180AED}.AppStore|Any CPU.ActiveCfg = Release|Any CPU
		{19D6D24D-FD79-42B1-ABA5-038875180AED}.AppStore|Any CPU.Build.0 = Release|Any CPU
		{19D6D24D-FD79-42B1-ABA5-038875180AED}.AppStore|Any CPU.Deploy.0 = Release|Any CPU
		{19D6D24D-FD79-42B1-ABA5-038875180AED}.AppStore|iPhone.ActiveCfg = Release|Any CPU
		{19D6D24D-FD79-42B1-ABA5-038875180AED}.AppStore|iPhone.Build.0 = Release|Any CPU
		{19D6D24D-FD79-42B1-ABA5-038875180AED}.AppStore|iPhone.Deploy.0 = Release|Any CPU
		{19D6D24D-FD79-42B1-ABA5-038875180AED}.AppStore|iPhoneSimulator.ActiveCfg = Release|Any CPU
		{19D6D24D-FD79-42B1-ABA5-038875180AED}.AppStore|iPhoneSimulator.Build.0 = Release|Any CPU
		{19D6D24D-FD79-42B1-ABA5-038875180AED}.AppStore|iPhoneSimulator.Deploy.0 = Release|Any CPU
		{19D6D24D-FD79-42B1-ABA5-038875180AED}.AppStore|x64.ActiveCfg = Debug|Any CPU
		{19D6D24D-FD79-42B1-ABA5-038875180AED}.AppStore|x64.Build.0 = Debug|Any CPU
		{19D6D24D-FD79-42B1-ABA5-038875180AED}.AppStore|x64.Deploy.0 = Debug|Any CPU
		{19D6D24D-FD79-42B1-ABA5-038875180AED}.Debug|Any CPU.ActiveCfg = Debug|Any CPU
		{19D6D24D-FD79-42B1-ABA5-038875180AED}.Debug|Any CPU.Build.0 = Debug|Any CPU
		{19D6D24D-FD79-42B1-ABA5-038875180AED}.Debug|Any CPU.Deploy.0 = Debug|Any CPU
		{19D6D24D-FD79-42B1-ABA5-038875180AED}.Debug|iPhone.ActiveCfg = Debug|Any CPU
		{19D6D24D-FD79-42B1-ABA5-038875180AED}.Debug|iPhone.Build.0 = Debug|Any CPU
		{19D6D24D-FD79-42B1-ABA5-038875180AED}.Debug|iPhone.Deploy.0 = Debug|Any CPU
		{19D6D24D-FD79-42B1-ABA5-038875180AED}.Debug|iPhoneSimulator.ActiveCfg = Debug|Any CPU
		{19D6D24D-FD79-42B1-ABA5-038875180AED}.Debug|iPhoneSimulator.Build.0 = Debug|Any CPU
		{19D6D24D-FD79-42B1-ABA5-038875180AED}.Debug|iPhoneSimulator.Deploy.0 = Debug|Any CPU
		{19D6D24D-FD79-42B1-ABA5-038875180AED}.Debug|x64.ActiveCfg = Release|Any CPU
		{19D6D24D-FD79-42B1-ABA5-038875180AED}.Debug|x64.Build.0 = Release|Any CPU
		{19D6D24D-FD79-42B1-ABA5-038875180AED}.Debug|x64.Deploy.0 = Release|Any CPU
		{19D6D24D-FD79-42B1-ABA5-038875180AED}.Release|Any CPU.ActiveCfg = Release|Any CPU
		{19D6D24D-FD79-42B1-ABA5-038875180AED}.Release|Any CPU.Build.0 = Release|Any CPU
		{19D6D24D-FD79-42B1-ABA5-038875180AED}.Release|Any CPU.Deploy.0 = Release|Any CPU
		{19D6D24D-FD79-42B1-ABA5-038875180AED}.Release|iPhone.ActiveCfg = Release|Any CPU
		{19D6D24D-FD79-42B1-ABA5-038875180AED}.Release|iPhone.Build.0 = Release|Any CPU
		{19D6D24D-FD79-42B1-ABA5-038875180AED}.Release|iPhone.Deploy.0 = Release|Any CPU
		{19D6D24D-FD79-42B1-ABA5-038875180AED}.Release|iPhoneSimulator.ActiveCfg = Release|Any CPU
		{19D6D24D-FD79-42B1-ABA5-038875180AED}.Release|iPhoneSimulator.Build.0 = Release|Any CPU
		{19D6D24D-FD79-42B1-ABA5-038875180AED}.Release|iPhoneSimulator.Deploy.0 = Release|Any CPU
		{19D6D24D-FD79-42B1-ABA5-038875180AED}.Release|x64.ActiveCfg = Release|Any CPU
		{19D6D24D-FD79-42B1-ABA5-038875180AED}.Release|x64.Build.0 = Release|Any CPU
		{19D6D24D-FD79-42B1-ABA5-038875180AED}.Release|x64.Deploy.0 = Release|Any CPU
		{800B1076-DC8D-425F-91B6-1FDFB7C28252}.Ad-Hoc|Any CPU.ActiveCfg = Release|Any CPU
		{800B1076-DC8D-425F-91B6-1FDFB7C28252}.Ad-Hoc|Any CPU.Build.0 = Release|Any CPU
		{800B1076-DC8D-425F-91B6-1FDFB7C28252}.Ad-Hoc|iPhone.ActiveCfg = Release|Any CPU
		{800B1076-DC8D-425F-91B6-1FDFB7C28252}.Ad-Hoc|iPhone.Build.0 = Release|Any CPU
		{800B1076-DC8D-425F-91B6-1FDFB7C28252}.Ad-Hoc|iPhoneSimulator.ActiveCfg = Release|Any CPU
		{800B1076-DC8D-425F-91B6-1FDFB7C28252}.Ad-Hoc|iPhoneSimulator.Build.0 = Release|Any CPU
		{800B1076-DC8D-425F-91B6-1FDFB7C28252}.Ad-Hoc|x64.ActiveCfg = Debug|Any CPU
		{800B1076-DC8D-425F-91B6-1FDFB7C28252}.Ad-Hoc|x64.Build.0 = Debug|Any CPU
		{800B1076-DC8D-425F-91B6-1FDFB7C28252}.AppStore|Any CPU.ActiveCfg = Release|Any CPU
		{800B1076-DC8D-425F-91B6-1FDFB7C28252}.AppStore|Any CPU.Build.0 = Release|Any CPU
		{800B1076-DC8D-425F-91B6-1FDFB7C28252}.AppStore|iPhone.ActiveCfg = Release|Any CPU
		{800B1076-DC8D-425F-91B6-1FDFB7C28252}.AppStore|iPhone.Build.0 = Release|Any CPU
		{800B1076-DC8D-425F-91B6-1FDFB7C28252}.AppStore|iPhoneSimulator.ActiveCfg = Release|Any CPU
		{800B1076-DC8D-425F-91B6-1FDFB7C28252}.AppStore|iPhoneSimulator.Build.0 = Release|Any CPU
		{800B1076-DC8D-425F-91B6-1FDFB7C28252}.AppStore|x64.ActiveCfg = Debug|Any CPU
		{800B1076-DC8D-425F-91B6-1FDFB7C28252}.AppStore|x64.Build.0 = Debug|Any CPU
		{800B1076-DC8D-425F-91B6-1FDFB7C28252}.Debug|Any CPU.ActiveCfg = Debug|Any CPU
		{800B1076-DC8D-425F-91B6-1FDFB7C28252}.Debug|Any CPU.Build.0 = Debug|Any CPU
		{800B1076-DC8D-425F-91B6-1FDFB7C28252}.Debug|iPhone.ActiveCfg = Debug|Any CPU
		{800B1076-DC8D-425F-91B6-1FDFB7C28252}.Debug|iPhone.Build.0 = Debug|Any CPU
		{800B1076-DC8D-425F-91B6-1FDFB7C28252}.Debug|iPhoneSimulator.ActiveCfg = Debug|Any CPU
		{800B1076-DC8D-425F-91B6-1FDFB7C28252}.Debug|iPhoneSimulator.Build.0 = Debug|Any CPU
		{800B1076-DC8D-425F-91B6-1FDFB7C28252}.Debug|x64.ActiveCfg = Debug|Any CPU
		{800B1076-DC8D-425F-91B6-1FDFB7C28252}.Debug|x64.Build.0 = Debug|Any CPU
		{800B1076-DC8D-425F-91B6-1FDFB7C28252}.Release|Any CPU.ActiveCfg = Release|Any CPU
		{800B1076-DC8D-425F-91B6-1FDFB7C28252}.Release|Any CPU.Build.0 = Release|Any CPU
		{800B1076-DC8D-425F-91B6-1FDFB7C28252}.Release|iPhone.ActiveCfg = Release|Any CPU
		{800B1076-DC8D-425F-91B6-1FDFB7C28252}.Release|iPhone.Build.0 = Release|Any CPU
		{800B1076-DC8D-425F-91B6-1FDFB7C28252}.Release|iPhoneSimulator.ActiveCfg = Release|Any CPU
		{800B1076-DC8D-425F-91B6-1FDFB7C28252}.Release|iPhoneSimulator.Build.0 = Release|Any CPU
		{800B1076-DC8D-425F-91B6-1FDFB7C28252}.Release|x64.ActiveCfg = Release|Any CPU
		{800B1076-DC8D-425F-91B6-1FDFB7C28252}.Release|x64.Build.0 = Release|Any CPU
		{46CA3562-19A4-48C1-9950-0426DFBA3D66}.Ad-Hoc|Any CPU.ActiveCfg = Release|Any CPU
		{46CA3562-19A4-48C1-9950-0426DFBA3D66}.Ad-Hoc|Any CPU.Build.0 = Release|Any CPU
		{46CA3562-19A4-48C1-9950-0426DFBA3D66}.Ad-Hoc|iPhone.ActiveCfg = Release|Any CPU
		{46CA3562-19A4-48C1-9950-0426DFBA3D66}.Ad-Hoc|iPhone.Build.0 = Release|Any CPU
		{46CA3562-19A4-48C1-9950-0426DFBA3D66}.Ad-Hoc|iPhoneSimulator.ActiveCfg = Release|Any CPU
		{46CA3562-19A4-48C1-9950-0426DFBA3D66}.Ad-Hoc|iPhoneSimulator.Build.0 = Release|Any CPU
		{46CA3562-19A4-48C1-9950-0426DFBA3D66}.Ad-Hoc|x64.ActiveCfg = Debug|Any CPU
		{46CA3562-19A4-48C1-9950-0426DFBA3D66}.Ad-Hoc|x64.Build.0 = Debug|Any CPU
		{46CA3562-19A4-48C1-9950-0426DFBA3D66}.AppStore|Any CPU.ActiveCfg = Release|Any CPU
		{46CA3562-19A4-48C1-9950-0426DFBA3D66}.AppStore|Any CPU.Build.0 = Release|Any CPU
		{46CA3562-19A4-48C1-9950-0426DFBA3D66}.AppStore|iPhone.ActiveCfg = Release|Any CPU
		{46CA3562-19A4-48C1-9950-0426DFBA3D66}.AppStore|iPhone.Build.0 = Release|Any CPU
		{46CA3562-19A4-48C1-9950-0426DFBA3D66}.AppStore|iPhoneSimulator.ActiveCfg = Release|Any CPU
		{46CA3562-19A4-48C1-9950-0426DFBA3D66}.AppStore|iPhoneSimulator.Build.0 = Release|Any CPU
		{46CA3562-19A4-48C1-9950-0426DFBA3D66}.AppStore|x64.ActiveCfg = Debug|Any CPU
		{46CA3562-19A4-48C1-9950-0426DFBA3D66}.AppStore|x64.Build.0 = Debug|Any CPU
		{46CA3562-19A4-48C1-9950-0426DFBA3D66}.Debug|Any CPU.ActiveCfg = Debug|Any CPU
		{46CA3562-19A4-48C1-9950-0426DFBA3D66}.Debug|Any CPU.Build.0 = Debug|Any CPU
		{46CA3562-19A4-48C1-9950-0426DFBA3D66}.Debug|iPhone.ActiveCfg = Debug|Any CPU
		{46CA3562-19A4-48C1-9950-0426DFBA3D66}.Debug|iPhone.Build.0 = Debug|Any CPU
		{46CA3562-19A4-48C1-9950-0426DFBA3D66}.Debug|iPhoneSimulator.ActiveCfg = Debug|Any CPU
		{46CA3562-19A4-48C1-9950-0426DFBA3D66}.Debug|iPhoneSimulator.Build.0 = Debug|Any CPU
		{46CA3562-19A4-48C1-9950-0426DFBA3D66}.Debug|x64.ActiveCfg = Debug|Any CPU
		{46CA3562-19A4-48C1-9950-0426DFBA3D66}.Debug|x64.Build.0 = Debug|Any CPU
		{46CA3562-19A4-48C1-9950-0426DFBA3D66}.Release|Any CPU.ActiveCfg = Release|Any CPU
		{46CA3562-19A4-48C1-9950-0426DFBA3D66}.Release|Any CPU.Build.0 = Release|Any CPU
		{46CA3562-19A4-48C1-9950-0426DFBA3D66}.Release|iPhone.ActiveCfg = Release|Any CPU
		{46CA3562-19A4-48C1-9950-0426DFBA3D66}.Release|iPhone.Build.0 = Release|Any CPU
		{46CA3562-19A4-48C1-9950-0426DFBA3D66}.Release|iPhoneSimulator.ActiveCfg = Release|Any CPU
		{46CA3562-19A4-48C1-9950-0426DFBA3D66}.Release|iPhoneSimulator.Build.0 = Release|Any CPU
		{46CA3562-19A4-48C1-9950-0426DFBA3D66}.Release|x64.ActiveCfg = Release|Any CPU
		{46CA3562-19A4-48C1-9950-0426DFBA3D66}.Release|x64.Build.0 = Release|Any CPU
		{F15680CA-FED8-4F38-A794-316FF47CDCE4}.Ad-Hoc|Any CPU.ActiveCfg = Debug|Any CPU
		{F15680CA-FED8-4F38-A794-316FF47CDCE4}.Ad-Hoc|Any CPU.Build.0 = Debug|Any CPU
		{F15680CA-FED8-4F38-A794-316FF47CDCE4}.Ad-Hoc|iPhone.ActiveCfg = Debug|Any CPU
		{F15680CA-FED8-4F38-A794-316FF47CDCE4}.Ad-Hoc|iPhone.Build.0 = Debug|Any CPU
		{F15680CA-FED8-4F38-A794-316FF47CDCE4}.Ad-Hoc|iPhoneSimulator.ActiveCfg = Debug|Any CPU
		{F15680CA-FED8-4F38-A794-316FF47CDCE4}.Ad-Hoc|iPhoneSimulator.Build.0 = Debug|Any CPU
		{F15680CA-FED8-4F38-A794-316FF47CDCE4}.Ad-Hoc|x64.ActiveCfg = Release|Any CPU
		{F15680CA-FED8-4F38-A794-316FF47CDCE4}.Ad-Hoc|x64.Build.0 = Release|Any CPU
		{F15680CA-FED8-4F38-A794-316FF47CDCE4}.AppStore|Any CPU.ActiveCfg = Debug|Any CPU
		{F15680CA-FED8-4F38-A794-316FF47CDCE4}.AppStore|Any CPU.Build.0 = Debug|Any CPU
		{F15680CA-FED8-4F38-A794-316FF47CDCE4}.AppStore|iPhone.ActiveCfg = Debug|Any CPU
		{F15680CA-FED8-4F38-A794-316FF47CDCE4}.AppStore|iPhone.Build.0 = Debug|Any CPU
		{F15680CA-FED8-4F38-A794-316FF47CDCE4}.AppStore|iPhoneSimulator.ActiveCfg = Debug|Any CPU
		{F15680CA-FED8-4F38-A794-316FF47CDCE4}.AppStore|iPhoneSimulator.Build.0 = Debug|Any CPU
		{F15680CA-FED8-4F38-A794-316FF47CDCE4}.AppStore|x64.ActiveCfg = Release|Any CPU
		{F15680CA-FED8-4F38-A794-316FF47CDCE4}.AppStore|x64.Build.0 = Release|Any CPU
		{F15680CA-FED8-4F38-A794-316FF47CDCE4}.Debug|Any CPU.ActiveCfg = Debug|Any CPU
		{F15680CA-FED8-4F38-A794-316FF47CDCE4}.Debug|Any CPU.Build.0 = Debug|Any CPU
		{F15680CA-FED8-4F38-A794-316FF47CDCE4}.Debug|iPhone.ActiveCfg = Debug|Any CPU
		{F15680CA-FED8-4F38-A794-316FF47CDCE4}.Debug|iPhone.Build.0 = Debug|Any CPU
		{F15680CA-FED8-4F38-A794-316FF47CDCE4}.Debug|iPhoneSimulator.ActiveCfg = Debug|Any CPU
		{F15680CA-FED8-4F38-A794-316FF47CDCE4}.Debug|iPhoneSimulator.Build.0 = Debug|Any CPU
		{F15680CA-FED8-4F38-A794-316FF47CDCE4}.Debug|x64.ActiveCfg = Debug|Any CPU
		{F15680CA-FED8-4F38-A794-316FF47CDCE4}.Debug|x64.Build.0 = Debug|Any CPU
		{F15680CA-FED8-4F38-A794-316FF47CDCE4}.Release|Any CPU.ActiveCfg = Release|Any CPU
		{F15680CA-FED8-4F38-A794-316FF47CDCE4}.Release|Any CPU.Build.0 = Release|Any CPU
		{F15680CA-FED8-4F38-A794-316FF47CDCE4}.Release|iPhone.ActiveCfg = Release|Any CPU
		{F15680CA-FED8-4F38-A794-316FF47CDCE4}.Release|iPhone.Build.0 = Release|Any CPU
		{F15680CA-FED8-4F38-A794-316FF47CDCE4}.Release|iPhoneSimulator.ActiveCfg = Release|Any CPU
		{F15680CA-FED8-4F38-A794-316FF47CDCE4}.Release|iPhoneSimulator.Build.0 = Release|Any CPU
		{F15680CA-FED8-4F38-A794-316FF47CDCE4}.Release|x64.ActiveCfg = Release|Any CPU
		{F15680CA-FED8-4F38-A794-316FF47CDCE4}.Release|x64.Build.0 = Release|Any CPU
		{6496C5BF-0239-44DA-B70B-F33AAA15CB7C}.Ad-Hoc|Any CPU.ActiveCfg = Debug|Any CPU
		{6496C5BF-0239-44DA-B70B-F33AAA15CB7C}.Ad-Hoc|Any CPU.Build.0 = Debug|Any CPU
		{6496C5BF-0239-44DA-B70B-F33AAA15CB7C}.Ad-Hoc|iPhone.ActiveCfg = Debug|Any CPU
		{6496C5BF-0239-44DA-B70B-F33AAA15CB7C}.Ad-Hoc|iPhone.Build.0 = Debug|Any CPU
		{6496C5BF-0239-44DA-B70B-F33AAA15CB7C}.Ad-Hoc|iPhoneSimulator.ActiveCfg = Debug|Any CPU
		{6496C5BF-0239-44DA-B70B-F33AAA15CB7C}.Ad-Hoc|iPhoneSimulator.Build.0 = Debug|Any CPU
		{6496C5BF-0239-44DA-B70B-F33AAA15CB7C}.Ad-Hoc|x64.ActiveCfg = Debug|Any CPU
		{6496C5BF-0239-44DA-B70B-F33AAA15CB7C}.Ad-Hoc|x64.Build.0 = Debug|Any CPU
		{6496C5BF-0239-44DA-B70B-F33AAA15CB7C}.AppStore|Any CPU.ActiveCfg = Debug|Any CPU
		{6496C5BF-0239-44DA-B70B-F33AAA15CB7C}.AppStore|Any CPU.Build.0 = Debug|Any CPU
		{6496C5BF-0239-44DA-B70B-F33AAA15CB7C}.AppStore|iPhone.ActiveCfg = Debug|Any CPU
		{6496C5BF-0239-44DA-B70B-F33AAA15CB7C}.AppStore|iPhone.Build.0 = Debug|Any CPU
		{6496C5BF-0239-44DA-B70B-F33AAA15CB7C}.AppStore|iPhoneSimulator.ActiveCfg = Debug|Any CPU
		{6496C5BF-0239-44DA-B70B-F33AAA15CB7C}.AppStore|iPhoneSimulator.Build.0 = Debug|Any CPU
		{6496C5BF-0239-44DA-B70B-F33AAA15CB7C}.AppStore|x64.ActiveCfg = Debug|Any CPU
		{6496C5BF-0239-44DA-B70B-F33AAA15CB7C}.AppStore|x64.Build.0 = Debug|Any CPU
		{6496C5BF-0239-44DA-B70B-F33AAA15CB7C}.Debug|Any CPU.ActiveCfg = Debug|Any CPU
		{6496C5BF-0239-44DA-B70B-F33AAA15CB7C}.Debug|Any CPU.Build.0 = Debug|Any CPU
		{6496C5BF-0239-44DA-B70B-F33AAA15CB7C}.Debug|iPhone.ActiveCfg = Debug|Any CPU
		{6496C5BF-0239-44DA-B70B-F33AAA15CB7C}.Debug|iPhone.Build.0 = Debug|Any CPU
		{6496C5BF-0239-44DA-B70B-F33AAA15CB7C}.Debug|iPhoneSimulator.ActiveCfg = Debug|Any CPU
		{6496C5BF-0239-44DA-B70B-F33AAA15CB7C}.Debug|iPhoneSimulator.Build.0 = Debug|Any CPU
		{6496C5BF-0239-44DA-B70B-F33AAA15CB7C}.Debug|x64.ActiveCfg = Debug|Any CPU
		{6496C5BF-0239-44DA-B70B-F33AAA15CB7C}.Debug|x64.Build.0 = Debug|Any CPU
		{6496C5BF-0239-44DA-B70B-F33AAA15CB7C}.Release|Any CPU.ActiveCfg = Release|Any CPU
		{6496C5BF-0239-44DA-B70B-F33AAA15CB7C}.Release|Any CPU.Build.0 = Release|Any CPU
		{6496C5BF-0239-44DA-B70B-F33AAA15CB7C}.Release|iPhone.ActiveCfg = Release|Any CPU
		{6496C5BF-0239-44DA-B70B-F33AAA15CB7C}.Release|iPhone.Build.0 = Release|Any CPU
		{6496C5BF-0239-44DA-B70B-F33AAA15CB7C}.Release|iPhoneSimulator.ActiveCfg = Release|Any CPU
		{6496C5BF-0239-44DA-B70B-F33AAA15CB7C}.Release|iPhoneSimulator.Build.0 = Release|Any CPU
		{6496C5BF-0239-44DA-B70B-F33AAA15CB7C}.Release|x64.ActiveCfg = Release|Any CPU
		{6496C5BF-0239-44DA-B70B-F33AAA15CB7C}.Release|x64.Build.0 = Release|Any CPU
		{A90B2546-7B99-4CBF-B78F-50BB4275F152}.Ad-Hoc|Any CPU.ActiveCfg = Release|Any CPU
		{A90B2546-7B99-4CBF-B78F-50BB4275F152}.Ad-Hoc|Any CPU.Build.0 = Release|Any CPU
		{A90B2546-7B99-4CBF-B78F-50BB4275F152}.Ad-Hoc|iPhone.ActiveCfg = Release|Any CPU
		{A90B2546-7B99-4CBF-B78F-50BB4275F152}.Ad-Hoc|iPhone.Build.0 = Release|Any CPU
		{A90B2546-7B99-4CBF-B78F-50BB4275F152}.Ad-Hoc|iPhoneSimulator.ActiveCfg = Release|Any CPU
		{A90B2546-7B99-4CBF-B78F-50BB4275F152}.Ad-Hoc|iPhoneSimulator.Build.0 = Release|Any CPU
		{A90B2546-7B99-4CBF-B78F-50BB4275F152}.Ad-Hoc|x64.ActiveCfg = Debug|Any CPU
		{A90B2546-7B99-4CBF-B78F-50BB4275F152}.Ad-Hoc|x64.Build.0 = Debug|Any CPU
		{A90B2546-7B99-4CBF-B78F-50BB4275F152}.AppStore|Any CPU.ActiveCfg = Release|Any CPU
		{A90B2546-7B99-4CBF-B78F-50BB4275F152}.AppStore|Any CPU.Build.0 = Release|Any CPU
		{A90B2546-7B99-4CBF-B78F-50BB4275F152}.AppStore|iPhone.ActiveCfg = Release|Any CPU
		{A90B2546-7B99-4CBF-B78F-50BB4275F152}.AppStore|iPhone.Build.0 = Release|Any CPU
		{A90B2546-7B99-4CBF-B78F-50BB4275F152}.AppStore|iPhoneSimulator.ActiveCfg = Release|Any CPU
		{A90B2546-7B99-4CBF-B78F-50BB4275F152}.AppStore|iPhoneSimulator.Build.0 = Release|Any CPU
		{A90B2546-7B99-4CBF-B78F-50BB4275F152}.AppStore|x64.ActiveCfg = Debug|Any CPU
		{A90B2546-7B99-4CBF-B78F-50BB4275F152}.AppStore|x64.Build.0 = Debug|Any CPU
		{A90B2546-7B99-4CBF-B78F-50BB4275F152}.Debug|Any CPU.ActiveCfg = Debug|Any CPU
		{A90B2546-7B99-4CBF-B78F-50BB4275F152}.Debug|Any CPU.Build.0 = Debug|Any CPU
		{A90B2546-7B99-4CBF-B78F-50BB4275F152}.Debug|iPhone.ActiveCfg = Debug|Any CPU
		{A90B2546-7B99-4CBF-B78F-50BB4275F152}.Debug|iPhone.Build.0 = Debug|Any CPU
		{A90B2546-7B99-4CBF-B78F-50BB4275F152}.Debug|iPhoneSimulator.ActiveCfg = Debug|Any CPU
		{A90B2546-7B99-4CBF-B78F-50BB4275F152}.Debug|iPhoneSimulator.Build.0 = Debug|Any CPU
		{A90B2546-7B99-4CBF-B78F-50BB4275F152}.Debug|x64.ActiveCfg = Debug|Any CPU
		{A90B2546-7B99-4CBF-B78F-50BB4275F152}.Debug|x64.Build.0 = Debug|Any CPU
		{A90B2546-7B99-4CBF-B78F-50BB4275F152}.Release|Any CPU.ActiveCfg = Release|Any CPU
		{A90B2546-7B99-4CBF-B78F-50BB4275F152}.Release|Any CPU.Build.0 = Release|Any CPU
		{A90B2546-7B99-4CBF-B78F-50BB4275F152}.Release|iPhone.ActiveCfg = Release|Any CPU
		{A90B2546-7B99-4CBF-B78F-50BB4275F152}.Release|iPhone.Build.0 = Release|Any CPU
		{A90B2546-7B99-4CBF-B78F-50BB4275F152}.Release|iPhoneSimulator.ActiveCfg = Release|Any CPU
		{A90B2546-7B99-4CBF-B78F-50BB4275F152}.Release|iPhoneSimulator.Build.0 = Release|Any CPU
		{A90B2546-7B99-4CBF-B78F-50BB4275F152}.Release|x64.ActiveCfg = Release|Any CPU
		{A90B2546-7B99-4CBF-B78F-50BB4275F152}.Release|x64.Build.0 = Release|Any CPU
		{2BB08B0F-271C-4F6D-B2CE-ECC28E6BEC27}.Ad-Hoc|Any CPU.ActiveCfg = Release|Any CPU
		{2BB08B0F-271C-4F6D-B2CE-ECC28E6BEC27}.Ad-Hoc|Any CPU.Build.0 = Release|Any CPU
		{2BB08B0F-271C-4F6D-B2CE-ECC28E6BEC27}.Ad-Hoc|iPhone.ActiveCfg = Release|Any CPU
		{2BB08B0F-271C-4F6D-B2CE-ECC28E6BEC27}.Ad-Hoc|iPhone.Build.0 = Release|Any CPU
		{2BB08B0F-271C-4F6D-B2CE-ECC28E6BEC27}.Ad-Hoc|iPhoneSimulator.ActiveCfg = Release|Any CPU
		{2BB08B0F-271C-4F6D-B2CE-ECC28E6BEC27}.Ad-Hoc|iPhoneSimulator.Build.0 = Release|Any CPU
		{2BB08B0F-271C-4F6D-B2CE-ECC28E6BEC27}.Ad-Hoc|x64.ActiveCfg = Release|Any CPU
		{2BB08B0F-271C-4F6D-B2CE-ECC28E6BEC27}.Ad-Hoc|x64.Build.0 = Release|Any CPU
		{2BB08B0F-271C-4F6D-B2CE-ECC28E6BEC27}.AppStore|Any CPU.ActiveCfg = Release|Any CPU
		{2BB08B0F-271C-4F6D-B2CE-ECC28E6BEC27}.AppStore|Any CPU.Build.0 = Release|Any CPU
		{2BB08B0F-271C-4F6D-B2CE-ECC28E6BEC27}.AppStore|iPhone.ActiveCfg = Release|Any CPU
		{2BB08B0F-271C-4F6D-B2CE-ECC28E6BEC27}.AppStore|iPhone.Build.0 = Release|Any CPU
		{2BB08B0F-271C-4F6D-B2CE-ECC28E6BEC27}.AppStore|iPhoneSimulator.ActiveCfg = Release|Any CPU
		{2BB08B0F-271C-4F6D-B2CE-ECC28E6BEC27}.AppStore|iPhoneSimulator.Build.0 = Release|Any CPU
		{2BB08B0F-271C-4F6D-B2CE-ECC28E6BEC27}.AppStore|x64.ActiveCfg = Release|Any CPU
		{2BB08B0F-271C-4F6D-B2CE-ECC28E6BEC27}.AppStore|x64.Build.0 = Release|Any CPU
		{2BB08B0F-271C-4F6D-B2CE-ECC28E6BEC27}.Debug|Any CPU.ActiveCfg = Debug|Any CPU
		{2BB08B0F-271C-4F6D-B2CE-ECC28E6BEC27}.Debug|Any CPU.Build.0 = Debug|Any CPU
		{2BB08B0F-271C-4F6D-B2CE-ECC28E6BEC27}.Debug|iPhone.ActiveCfg = Debug|Any CPU
		{2BB08B0F-271C-4F6D-B2CE-ECC28E6BEC27}.Debug|iPhone.Build.0 = Debug|Any CPU
		{2BB08B0F-271C-4F6D-B2CE-ECC28E6BEC27}.Debug|iPhoneSimulator.ActiveCfg = Debug|Any CPU
		{2BB08B0F-271C-4F6D-B2CE-ECC28E6BEC27}.Debug|iPhoneSimulator.Build.0 = Debug|Any CPU
		{2BB08B0F-271C-4F6D-B2CE-ECC28E6BEC27}.Debug|x64.ActiveCfg = Debug|Any CPU
		{2BB08B0F-271C-4F6D-B2CE-ECC28E6BEC27}.Debug|x64.Build.0 = Debug|Any CPU
		{2BB08B0F-271C-4F6D-B2CE-ECC28E6BEC27}.Release|Any CPU.ActiveCfg = Release|Any CPU
		{2BB08B0F-271C-4F6D-B2CE-ECC28E6BEC27}.Release|Any CPU.Build.0 = Release|Any CPU
		{2BB08B0F-271C-4F6D-B2CE-ECC28E6BEC27}.Release|iPhone.ActiveCfg = Release|Any CPU
		{2BB08B0F-271C-4F6D-B2CE-ECC28E6BEC27}.Release|iPhone.Build.0 = Release|Any CPU
		{2BB08B0F-271C-4F6D-B2CE-ECC28E6BEC27}.Release|iPhoneSimulator.ActiveCfg = Release|Any CPU
		{2BB08B0F-271C-4F6D-B2CE-ECC28E6BEC27}.Release|iPhoneSimulator.Build.0 = Release|Any CPU
		{2BB08B0F-271C-4F6D-B2CE-ECC28E6BEC27}.Release|x64.ActiveCfg = Release|Any CPU
		{2BB08B0F-271C-4F6D-B2CE-ECC28E6BEC27}.Release|x64.Build.0 = Release|Any CPU
	EndGlobalSection
	GlobalSection(SolutionProperties) = preSolution
		HideSolutionNode = FALSE
	EndGlobalSection
	GlobalSection(ExtensibilityGlobals) = postSolution
		SolutionGuid = {7ECC838C-1C12-4B0D-9ACA-CE3D8637F9A2}
	EndGlobalSection
EndGlobal
