
Microsoft Visual Studio Solution File, Format Version 12.00
# Visual Studio Version 16
VisualStudioVersion = 16.0.28729.10
MinimumVisualStudioVersion = 10.0.40219.1
Project("{FAE04EC0-301F-11D3-BF4B-00C04F79EFBC}") = "MDispatch.iOS", "MDispatch\MDispatch.iOS\MDispatch.iOS.csproj", "{FFE941D5-E279-4090-AEEA-9A32BE01D3D7}"
EndProject
Project("{9A19103F-16F7-4668-BE54-9A1E7A4F7556}") = "MDispatch", "MDispatch\MDispatch\MDispatch.csproj", "{D6CD94AD-B4AF-4C31-B29D-789E2FBD7D48}"
EndProject
Project("{9344BDBB-3E7F-41FC-A0DD-8665D75EE146}") = "WebDispacher", "WebDispacher\WebDispacher.csproj", "{09BBE172-EB93-434F-BCA4-31D4B106AADB}"
EndProject
Project("{9344BDBB-3E7F-41FC-A0DD-8665D75EE146}") = "DaoModels", "DaoModels\DaoModels.csproj", "{855E3454-5B6E-40EE-ABE1-68AEF50F434A}"
EndProject
Project("{9344BDBB-3E7F-41FC-A0DD-8665D75EE146}") = "ApiMobaileServise", "ApiMobaileServise\ApiMobaileServise.csproj", "{AC3B1161-B5E6-4D6E-9F19-E3CFF9C44A54}"
EndProject
Project("{9344BDBB-3E7F-41FC-A0DD-8665D75EE146}") = "BaceModel", "BaceModel\BaceModel.csproj", "{FB53EA3F-5C3D-421F-8667-CEB4AD2556BE}"
EndProject
Project("{FAE04EC0-301F-11D3-BF4B-00C04F79EFBC}") = "MDispatch.Android", "MDispatch\MDispatch.Android\MDispatch.Android.csproj", "{19D6D24D-FD79-42B1-ABA5-038875180AED}"
EndProject
Project("{9344BDBB-3E7F-41FC-A0DD-8665D75EE146}") = "Parser", "Parser\Parser.csproj", "{099C53C1-C419-4DD4-AB44-0795D7387CB8}"
EndProject
Project("{9344BDBB-3E7F-41FC-A0DD-8665D75EE146}") = "Expansion", "Expansion\Expansion.csproj", "{C2DD8B2E-5982-42B7-B93B-60ACB7190BE1}"
EndProject
Global
	GlobalSection(SolutionConfigurationPlatforms) = preSolution
		Ad-Hoc|Any CPU = Ad-Hoc|Any CPU
		Ad-Hoc|iPhone = Ad-Hoc|iPhone
		Ad-Hoc|iPhoneSimulator = Ad-Hoc|iPhoneSimulator
		Ad-Hoc|x64 = Ad-Hoc|x64
		AppStore|Any CPU = AppStore|Any CPU
		AppStore|iPhone = AppStore|iPhone
		AppStore|iPhoneSimulator = AppStore|iPhoneSimulator
		AppStore|x64 = AppStore|x64
		Debug|Any CPU = Debug|Any CPU
		Debug|iPhone = Debug|iPhone
		Debug|iPhoneSimulator = Debug|iPhoneSimulator
		Debug|x64 = Debug|x64
		Release|Any CPU = Release|Any CPU
		Release|iPhone = Release|iPhone
		Release|iPhoneSimulator = Release|iPhoneSimulator
		Release|x64 = Release|x64
	EndGlobalSection
	GlobalSection(ProjectConfigurationPlatforms) = postSolution
		{FFE941D5-E279-4090-AEEA-9A32BE01D3D7}.Ad-Hoc|Any CPU.ActiveCfg = Ad-Hoc|iPhone
		{FFE941D5-E279-4090-AEEA-9A32BE01D3D7}.Ad-Hoc|iPhone.ActiveCfg = Ad-Hoc|iPhone
		{FFE941D5-E279-4090-AEEA-9A32BE01D3D7}.Ad-Hoc|iPhone.Build.0 = Ad-Hoc|iPhone
		{FFE941D5-E279-4090-AEEA-9A32BE01D3D7}.Ad-Hoc|iPhoneSimulator.ActiveCfg = Ad-Hoc|iPhoneSimulator
		{FFE941D5-E279-4090-AEEA-9A32BE01D3D7}.Ad-Hoc|iPhoneSimulator.Build.0 = Ad-Hoc|iPhoneSimulator
		{FFE941D5-E279-4090-AEEA-9A32BE01D3D7}.Ad-Hoc|x64.ActiveCfg = Ad-Hoc|x64
		{FFE941D5-E279-4090-AEEA-9A32BE01D3D7}.Ad-Hoc|x64.Build.0 = Ad-Hoc|x64
		{FFE941D5-E279-4090-AEEA-9A32BE01D3D7}.AppStore|Any CPU.ActiveCfg = AppStore|iPhone
		{FFE941D5-E279-4090-AEEA-9A32BE01D3D7}.AppStore|iPhone.ActiveCfg = AppStore|iPhone
		{FFE941D5-E279-4090-AEEA-9A32BE01D3D7}.AppStore|iPhone.Build.0 = AppStore|iPhone
		{FFE941D5-E279-4090-AEEA-9A32BE01D3D7}.AppStore|iPhoneSimulator.ActiveCfg = AppStore|iPhoneSimulator
		{FFE941D5-E279-4090-AEEA-9A32BE01D3D7}.AppStore|iPhoneSimulator.Build.0 = AppStore|iPhoneSimulator
		{FFE941D5-E279-4090-AEEA-9A32BE01D3D7}.AppStore|x64.ActiveCfg = AppStore|x64
		{FFE941D5-E279-4090-AEEA-9A32BE01D3D7}.AppStore|x64.Build.0 = AppStore|x64
		{FFE941D5-E279-4090-AEEA-9A32BE01D3D7}.Debug|Any CPU.ActiveCfg = Debug|iPhone
		{FFE941D5-E279-4090-AEEA-9A32BE01D3D7}.Debug|iPhone.ActiveCfg = Debug|iPhone
		{FFE941D5-E279-4090-AEEA-9A32BE01D3D7}.Debug|iPhone.Build.0 = Debug|iPhone
		{FFE941D5-E279-4090-AEEA-9A32BE01D3D7}.Debug|iPhone.Deploy.0 = Debug|iPhone
		{FFE941D5-E279-4090-AEEA-9A32BE01D3D7}.Debug|iPhoneSimulator.ActiveCfg = Debug|iPhone
		{FFE941D5-E279-4090-AEEA-9A32BE01D3D7}.Debug|iPhoneSimulator.Build.0 = Debug|iPhone
		{FFE941D5-E279-4090-AEEA-9A32BE01D3D7}.Debug|x64.ActiveCfg = Debug|iPhoneSimulator
		{FFE941D5-E279-4090-AEEA-9A32BE01D3D7}.Debug|x64.Build.0 = Debug|iPhoneSimulator
		{FFE941D5-E279-4090-AEEA-9A32BE01D3D7}.Release|Any CPU.ActiveCfg = Release|iPhone
		{FFE941D5-E279-4090-AEEA-9A32BE01D3D7}.Release|iPhone.ActiveCfg = Release|iPhone
		{FFE941D5-E279-4090-AEEA-9A32BE01D3D7}.Release|iPhone.Build.0 = Release|iPhone
		{FFE941D5-E279-4090-AEEA-9A32BE01D3D7}.Release|iPhoneSimulator.ActiveCfg = Release|iPhoneSimulator
		{FFE941D5-E279-4090-AEEA-9A32BE01D3D7}.Release|iPhoneSimulator.Build.0 = Release|iPhoneSimulator
		{FFE941D5-E279-4090-AEEA-9A32BE01D3D7}.Release|x64.ActiveCfg = Release|x64
		{FFE941D5-E279-4090-AEEA-9A32BE01D3D7}.Release|x64.Build.0 = Release|x64
		{D6CD94AD-B4AF-4C31-B29D-789E2FBD7D48}.Ad-Hoc|Any CPU.ActiveCfg = Debug|Any CPU
		{D6CD94AD-B4AF-4C31-B29D-789E2FBD7D48}.Ad-Hoc|Any CPU.Build.0 = Debug|Any CPU
		{D6CD94AD-B4AF-4C31-B29D-789E2FBD7D48}.Ad-Hoc|iPhone.ActiveCfg = Debug|Any CPU
		{D6CD94AD-B4AF-4C31-B29D-789E2FBD7D48}.Ad-Hoc|iPhone.Build.0 = Debug|Any CPU
		{D6CD94AD-B4AF-4C31-B29D-789E2FBD7D48}.Ad-Hoc|iPhoneSimulator.ActiveCfg = Debug|Any CPU
		{D6CD94AD-B4AF-4C31-B29D-789E2FBD7D48}.Ad-Hoc|iPhoneSimulator.Build.0 = Debug|Any CPU
		{D6CD94AD-B4AF-4C31-B29D-789E2FBD7D48}.Ad-Hoc|x64.ActiveCfg = Release|Any CPU
		{D6CD94AD-B4AF-4C31-B29D-789E2FBD7D48}.Ad-Hoc|x64.Build.0 = Release|Any CPU
		{D6CD94AD-B4AF-4C31-B29D-789E2FBD7D48}.AppStore|Any CPU.ActiveCfg = Debug|Any CPU
		{D6CD94AD-B4AF-4C31-B29D-789E2FBD7D48}.AppStore|Any CPU.Build.0 = Debug|Any CPU
		{D6CD94AD-B4AF-4C31-B29D-789E2FBD7D48}.AppStore|iPhone.ActiveCfg = Debug|Any CPU
		{D6CD94AD-B4AF-4C31-B29D-789E2FBD7D48}.AppStore|iPhone.Build.0 = Debug|Any CPU
		{D6CD94AD-B4AF-4C31-B29D-789E2FBD7D48}.AppStore|iPhoneSimulator.ActiveCfg = Debug|Any CPU
		{D6CD94AD-B4AF-4C31-B29D-789E2FBD7D48}.AppStore|iPhoneSimulator.Build.0 = Debug|Any CPU
		{D6CD94AD-B4AF-4C31-B29D-789E2FBD7D48}.AppStore|x64.ActiveCfg = Release|Any CPU
		{D6CD94AD-B4AF-4C31-B29D-789E2FBD7D48}.AppStore|x64.Build.0 = Release|Any CPU
		{D6CD94AD-B4AF-4C31-B29D-789E2FBD7D48}.Debug|Any CPU.ActiveCfg = Debug|Any CPU
		{D6CD94AD-B4AF-4C31-B29D-789E2FBD7D48}.Debug|Any CPU.Build.0 = Debug|Any CPU
		{D6CD94AD-B4AF-4C31-B29D-789E2FBD7D48}.Debug|iPhone.ActiveCfg = Debug|Any CPU
		{D6CD94AD-B4AF-4C31-B29D-789E2FBD7D48}.Debug|iPhone.Build.0 = Debug|Any CPU
		{D6CD94AD-B4AF-4C31-B29D-789E2FBD7D48}.Debug|iPhoneSimulator.ActiveCfg = Debug|Any CPU
		{D6CD94AD-B4AF-4C31-B29D-789E2FBD7D48}.Debug|iPhoneSimulator.Build.0 = Debug|Any CPU
		{D6CD94AD-B4AF-4C31-B29D-789E2FBD7D48}.Debug|x64.ActiveCfg = Debug|Any CPU
		{D6CD94AD-B4AF-4C31-B29D-789E2FBD7D48}.Debug|x64.Build.0 = Debug|Any CPU
		{D6CD94AD-B4AF-4C31-B29D-789E2FBD7D48}.Release|Any CPU.ActiveCfg = Release|Any CPU
		{D6CD94AD-B4AF-4C31-B29D-789E2FBD7D48}.Release|Any CPU.Build.0 = Release|Any CPU
		{D6CD94AD-B4AF-4C31-B29D-789E2FBD7D48}.Release|iPhone.ActiveCfg = Release|Any CPU
		{D6CD94AD-B4AF-4C31-B29D-789E2FBD7D48}.Release|iPhone.Build.0 = Release|Any CPU
		{D6CD94AD-B4AF-4C31-B29D-789E2FBD7D48}.Release|iPhoneSimulator.ActiveCfg = Release|Any CPU
		{D6CD94AD-B4AF-4C31-B29D-789E2FBD7D48}.Release|iPhoneSimulator.Build.0 = Release|Any CPU
		{D6CD94AD-B4AF-4C31-B29D-789E2FBD7D48}.Release|x64.ActiveCfg = Release|Any CPU
		{D6CD94AD-B4AF-4C31-B29D-789E2FBD7D48}.Release|x64.Build.0 = Release|Any CPU
		{09BBE172-EB93-434F-BCA4-31D4B106AADB}.Ad-Hoc|Any CPU.ActiveCfg = Release|Any CPU
		{09BBE172-EB93-434F-BCA4-31D4B106AADB}.Ad-Hoc|Any CPU.Build.0 = Release|Any CPU
		{09BBE172-EB93-434F-BCA4-31D4B106AADB}.Ad-Hoc|iPhone.ActiveCfg = Release|Any CPU
		{09BBE172-EB93-434F-BCA4-31D4B106AADB}.Ad-Hoc|iPhone.Build.0 = Release|Any CPU
		{09BBE172-EB93-434F-BCA4-31D4B106AADB}.Ad-Hoc|iPhoneSimulator.ActiveCfg = Release|Any CPU
		{09BBE172-EB93-434F-BCA4-31D4B106AADB}.Ad-Hoc|iPhoneSimulator.Build.0 = Release|Any CPU
		{09BBE172-EB93-434F-BCA4-31D4B106AADB}.Ad-Hoc|x64.ActiveCfg = Debug|Any CPU
		{09BBE172-EB93-434F-BCA4-31D4B106AADB}.Ad-Hoc|x64.Build.0 = Debug|Any CPU
		{09BBE172-EB93-434F-BCA4-31D4B106AADB}.AppStore|Any CPU.ActiveCfg = Release|Any CPU
		{09BBE172-EB93-434F-BCA4-31D4B106AADB}.AppStore|Any CPU.Build.0 = Release|Any CPU
		{09BBE172-EB93-434F-BCA4-31D4B106AADB}.AppStore|iPhone.ActiveCfg = Release|Any CPU
		{09BBE172-EB93-434F-BCA4-31D4B106AADB}.AppStore|iPhone.Build.0 = Release|Any CPU
		{09BBE172-EB93-434F-BCA4-31D4B106AADB}.AppStore|iPhoneSimulator.ActiveCfg = Release|Any CPU
		{09BBE172-EB93-434F-BCA4-31D4B106AADB}.AppStore|iPhoneSimulator.Build.0 = Release|Any CPU
		{09BBE172-EB93-434F-BCA4-31D4B106AADB}.AppStore|x64.ActiveCfg = Debug|Any CPU
		{09BBE172-EB93-434F-BCA4-31D4B106AADB}.AppStore|x64.Build.0 = Debug|Any CPU
		{09BBE172-EB93-434F-BCA4-31D4B106AADB}.Debug|Any CPU.ActiveCfg = Debug|Any CPU
		{09BBE172-EB93-434F-BCA4-31D4B106AADB}.Debug|Any CPU.Build.0 = Debug|Any CPU
		{09BBE172-EB93-434F-BCA4-31D4B106AADB}.Debug|iPhone.ActiveCfg = Debug|Any CPU
		{09BBE172-EB93-434F-BCA4-31D4B106AADB}.Debug|iPhone.Build.0 = Debug|Any CPU
		{09BBE172-EB93-434F-BCA4-31D4B106AADB}.Debug|iPhoneSimulator.ActiveCfg = Debug|Any CPU
		{09BBE172-EB93-434F-BCA4-31D4B106AADB}.Debug|iPhoneSimulator.Build.0 = Debug|Any CPU
		{09BBE172-EB93-434F-BCA4-31D4B106AADB}.Debug|x64.ActiveCfg = Debug|Any CPU
		{09BBE172-EB93-434F-BCA4-31D4B106AADB}.Debug|x64.Build.0 = Debug|Any CPU
		{09BBE172-EB93-434F-BCA4-31D4B106AADB}.Release|Any CPU.ActiveCfg = Release|Any CPU
		{09BBE172-EB93-434F-BCA4-31D4B106AADB}.Release|Any CPU.Build.0 = Release|Any CPU
		{09BBE172-EB93-434F-BCA4-31D4B106AADB}.Release|iPhone.ActiveCfg = Release|Any CPU
		{09BBE172-EB93-434F-BCA4-31D4B106AADB}.Release|iPhone.Build.0 = Release|Any CPU
		{09BBE172-EB93-434F-BCA4-31D4B106AADB}.Release|iPhoneSimulator.ActiveCfg = Release|Any CPU
		{09BBE172-EB93-434F-BCA4-31D4B106AADB}.Release|iPhoneSimulator.Build.0 = Release|Any CPU
		{09BBE172-EB93-434F-BCA4-31D4B106AADB}.Release|x64.ActiveCfg = Release|Any CPU
		{09BBE172-EB93-434F-BCA4-31D4B106AADB}.Release|x64.Build.0 = Release|Any CPU
		{855E3454-5B6E-40EE-ABE1-68AEF50F434A}.Ad-Hoc|Any CPU.ActiveCfg = Release|Any CPU
		{855E3454-5B6E-40EE-ABE1-68AEF50F434A}.Ad-Hoc|Any CPU.Build.0 = Release|Any CPU
		{855E3454-5B6E-40EE-ABE1-68AEF50F434A}.Ad-Hoc|iPhone.ActiveCfg = Release|Any CPU
		{855E3454-5B6E-40EE-ABE1-68AEF50F434A}.Ad-Hoc|iPhone.Build.0 = Release|Any CPU
		{855E3454-5B6E-40EE-ABE1-68AEF50F434A}.Ad-Hoc|iPhoneSimulator.ActiveCfg = Release|Any CPU
		{855E3454-5B6E-40EE-ABE1-68AEF50F434A}.Ad-Hoc|iPhoneSimulator.Build.0 = Release|Any CPU
		{855E3454-5B6E-40EE-ABE1-68AEF50F434A}.Ad-Hoc|x64.ActiveCfg = Debug|Any CPU
		{855E3454-5B6E-40EE-ABE1-68AEF50F434A}.Ad-Hoc|x64.Build.0 = Debug|Any CPU
		{855E3454-5B6E-40EE-ABE1-68AEF50F434A}.AppStore|Any CPU.ActiveCfg = Release|Any CPU
		{855E3454-5B6E-40EE-ABE1-68AEF50F434A}.AppStore|Any CPU.Build.0 = Release|Any CPU
		{855E3454-5B6E-40EE-ABE1-68AEF50F434A}.AppStore|iPhone.ActiveCfg = Release|Any CPU
		{855E3454-5B6E-40EE-ABE1-68AEF50F434A}.AppStore|iPhone.Build.0 = Release|Any CPU
		{855E3454-5B6E-40EE-ABE1-68AEF50F434A}.AppStore|iPhoneSimulator.ActiveCfg = Release|Any CPU
		{855E3454-5B6E-40EE-ABE1-68AEF50F434A}.AppStore|iPhoneSimulator.Build.0 = Release|Any CPU
		{855E3454-5B6E-40EE-ABE1-68AEF50F434A}.AppStore|x64.ActiveCfg = Debug|Any CPU
		{855E3454-5B6E-40EE-ABE1-68AEF50F434A}.AppStore|x64.Build.0 = Debug|Any CPU
		{855E3454-5B6E-40EE-ABE1-68AEF50F434A}.Debug|Any CPU.ActiveCfg = Debug|Any CPU
		{855E3454-5B6E-40EE-ABE1-68AEF50F434A}.Debug|Any CPU.Build.0 = Debug|Any CPU
		{855E3454-5B6E-40EE-ABE1-68AEF50F434A}.Debug|iPhone.ActiveCfg = Debug|Any CPU
		{855E3454-5B6E-40EE-ABE1-68AEF50F434A}.Debug|iPhone.Build.0 = Debug|Any CPU
		{855E3454-5B6E-40EE-ABE1-68AEF50F434A}.Debug|iPhoneSimulator.ActiveCfg = Debug|Any CPU
		{855E3454-5B6E-40EE-ABE1-68AEF50F434A}.Debug|iPhoneSimulator.Build.0 = Debug|Any CPU
		{855E3454-5B6E-40EE-ABE1-68AEF50F434A}.Debug|x64.ActiveCfg = Debug|Any CPU
		{855E3454-5B6E-40EE-ABE1-68AEF50F434A}.Debug|x64.Build.0 = Debug|Any CPU
		{855E3454-5B6E-40EE-ABE1-68AEF50F434A}.Release|Any CPU.ActiveCfg = Release|Any CPU
		{855E3454-5B6E-40EE-ABE1-68AEF50F434A}.Release|Any CPU.Build.0 = Release|Any CPU
		{855E3454-5B6E-40EE-ABE1-68AEF50F434A}.Release|iPhone.ActiveCfg = Release|Any CPU
		{855E3454-5B6E-40EE-ABE1-68AEF50F434A}.Release|iPhone.Build.0 = Release|Any CPU
		{855E3454-5B6E-40EE-ABE1-68AEF50F434A}.Release|iPhoneSimulator.ActiveCfg = Release|Any CPU
		{855E3454-5B6E-40EE-ABE1-68AEF50F434A}.Release|iPhoneSimulator.Build.0 = Release|Any CPU
		{855E3454-5B6E-40EE-ABE1-68AEF50F434A}.Release|x64.ActiveCfg = Release|Any CPU
		{855E3454-5B6E-40EE-ABE1-68AEF50F434A}.Release|x64.Build.0 = Release|Any CPU
		{AC3B1161-B5E6-4D6E-9F19-E3CFF9C44A54}.Ad-Hoc|Any CPU.ActiveCfg = Debug|Any CPU
		{AC3B1161-B5E6-4D6E-9F19-E3CFF9C44A54}.Ad-Hoc|Any CPU.Build.0 = Debug|Any CPU
		{AC3B1161-B5E6-4D6E-9F19-E3CFF9C44A54}.Ad-Hoc|iPhone.ActiveCfg = Debug|Any CPU
		{AC3B1161-B5E6-4D6E-9F19-E3CFF9C44A54}.Ad-Hoc|iPhone.Build.0 = Debug|Any CPU
		{AC3B1161-B5E6-4D6E-9F19-E3CFF9C44A54}.Ad-Hoc|iPhoneSimulator.ActiveCfg = Debug|Any CPU
		{AC3B1161-B5E6-4D6E-9F19-E3CFF9C44A54}.Ad-Hoc|iPhoneSimulator.Build.0 = Debug|Any CPU
		{AC3B1161-B5E6-4D6E-9F19-E3CFF9C44A54}.Ad-Hoc|x64.ActiveCfg = Release|Any CPU
		{AC3B1161-B5E6-4D6E-9F19-E3CFF9C44A54}.Ad-Hoc|x64.Build.0 = Release|Any CPU
		{AC3B1161-B5E6-4D6E-9F19-E3CFF9C44A54}.AppStore|Any CPU.ActiveCfg = Debug|Any CPU
		{AC3B1161-B5E6-4D6E-9F19-E3CFF9C44A54}.AppStore|Any CPU.Build.0 = Debug|Any CPU
		{AC3B1161-B5E6-4D6E-9F19-E3CFF9C44A54}.AppStore|iPhone.ActiveCfg = Debug|Any CPU
		{AC3B1161-B5E6-4D6E-9F19-E3CFF9C44A54}.AppStore|iPhone.Build.0 = Debug|Any CPU
		{AC3B1161-B5E6-4D6E-9F19-E3CFF9C44A54}.AppStore|iPhoneSimulator.ActiveCfg = Debug|Any CPU
		{AC3B1161-B5E6-4D6E-9F19-E3CFF9C44A54}.AppStore|iPhoneSimulator.Build.0 = Debug|Any CPU
		{AC3B1161-B5E6-4D6E-9F19-E3CFF9C44A54}.AppStore|x64.ActiveCfg = Release|Any CPU
		{AC3B1161-B5E6-4D6E-9F19-E3CFF9C44A54}.AppStore|x64.Build.0 = Release|Any CPU
		{AC3B1161-B5E6-4D6E-9F19-E3CFF9C44A54}.Debug|Any CPU.ActiveCfg = Debug|Any CPU
		{AC3B1161-B5E6-4D6E-9F19-E3CFF9C44A54}.Debug|Any CPU.Build.0 = Debug|Any CPU
		{AC3B1161-B5E6-4D6E-9F19-E3CFF9C44A54}.Debug|iPhone.ActiveCfg = Debug|Any CPU
		{AC3B1161-B5E6-4D6E-9F19-E3CFF9C44A54}.Debug|iPhone.Build.0 = Debug|Any CPU
		{AC3B1161-B5E6-4D6E-9F19-E3CFF9C44A54}.Debug|iPhoneSimulator.ActiveCfg = Debug|Any CPU
		{AC3B1161-B5E6-4D6E-9F19-E3CFF9C44A54}.Debug|iPhoneSimulator.Build.0 = Debug|Any CPU
		{AC3B1161-B5E6-4D6E-9F19-E3CFF9C44A54}.Debug|x64.ActiveCfg = Debug|Any CPU
		{AC3B1161-B5E6-4D6E-9F19-E3CFF9C44A54}.Debug|x64.Build.0 = Debug|Any CPU
		{AC3B1161-B5E6-4D6E-9F19-E3CFF9C44A54}.Release|Any CPU.ActiveCfg = Release|Any CPU
		{AC3B1161-B5E6-4D6E-9F19-E3CFF9C44A54}.Release|Any CPU.Build.0 = Release|Any CPU
		{AC3B1161-B5E6-4D6E-9F19-E3CFF9C44A54}.Release|iPhone.ActiveCfg = Release|Any CPU
		{AC3B1161-B5E6-4D6E-9F19-E3CFF9C44A54}.Release|iPhone.Build.0 = Release|Any CPU
		{AC3B1161-B5E6-4D6E-9F19-E3CFF9C44A54}.Release|iPhoneSimulator.ActiveCfg = Release|Any CPU
		{AC3B1161-B5E6-4D6E-9F19-E3CFF9C44A54}.Release|iPhoneSimulator.Build.0 = Release|Any CPU
		{AC3B1161-B5E6-4D6E-9F19-E3CFF9C44A54}.Release|x64.ActiveCfg = Release|Any CPU
		{AC3B1161-B5E6-4D6E-9F19-E3CFF9C44A54}.Release|x64.Build.0 = Release|Any CPU
		{FB53EA3F-5C3D-421F-8667-CEB4AD2556BE}.Ad-Hoc|Any CPU.ActiveCfg = Debug|Any CPU
		{FB53EA3F-5C3D-421F-8667-CEB4AD2556BE}.Ad-Hoc|Any CPU.Build.0 = Debug|Any CPU
		{FB53EA3F-5C3D-421F-8667-CEB4AD2556BE}.Ad-Hoc|iPhone.ActiveCfg = Debug|Any CPU
		{FB53EA3F-5C3D-421F-8667-CEB4AD2556BE}.Ad-Hoc|iPhone.Build.0 = Debug|Any CPU
		{FB53EA3F-5C3D-421F-8667-CEB4AD2556BE}.Ad-Hoc|iPhoneSimulator.ActiveCfg = Debug|Any CPU
		{FB53EA3F-5C3D-421F-8667-CEB4AD2556BE}.Ad-Hoc|iPhoneSimulator.Build.0 = Debug|Any CPU
		{FB53EA3F-5C3D-421F-8667-CEB4AD2556BE}.Ad-Hoc|x64.ActiveCfg = Debug|Any CPU
		{FB53EA3F-5C3D-421F-8667-CEB4AD2556BE}.Ad-Hoc|x64.Build.0 = Debug|Any CPU
		{FB53EA3F-5C3D-421F-8667-CEB4AD2556BE}.AppStore|Any CPU.ActiveCfg = Debug|Any CPU
		{FB53EA3F-5C3D-421F-8667-CEB4AD2556BE}.AppStore|Any CPU.Build.0 = Debug|Any CPU
		{FB53EA3F-5C3D-421F-8667-CEB4AD2556BE}.AppStore|iPhone.ActiveCfg = Debug|Any CPU
		{FB53EA3F-5C3D-421F-8667-CEB4AD2556BE}.AppStore|iPhone.Build.0 = Debug|Any CPU
		{FB53EA3F-5C3D-421F-8667-CEB4AD2556BE}.AppStore|iPhoneSimulator.ActiveCfg = Debug|Any CPU
		{FB53EA3F-5C3D-421F-8667-CEB4AD2556BE}.AppStore|iPhoneSimulator.Build.0 = Debug|Any CPU
		{FB53EA3F-5C3D-421F-8667-CEB4AD2556BE}.AppStore|x64.ActiveCfg = Debug|Any CPU
		{FB53EA3F-5C3D-421F-8667-CEB4AD2556BE}.AppStore|x64.Build.0 = Debug|Any CPU
		{FB53EA3F-5C3D-421F-8667-CEB4AD2556BE}.Debug|Any CPU.ActiveCfg = Debug|Any CPU
		{FB53EA3F-5C3D-421F-8667-CEB4AD2556BE}.Debug|Any CPU.Build.0 = Debug|Any CPU
		{FB53EA3F-5C3D-421F-8667-CEB4AD2556BE}.Debug|iPhone.ActiveCfg = Debug|Any CPU
		{FB53EA3F-5C3D-421F-8667-CEB4AD2556BE}.Debug|iPhone.Build.0 = Debug|Any CPU
		{FB53EA3F-5C3D-421F-8667-CEB4AD2556BE}.Debug|iPhoneSimulator.ActiveCfg = Debug|Any CPU
		{FB53EA3F-5C3D-421F-8667-CEB4AD2556BE}.Debug|iPhoneSimulator.Build.0 = Debug|Any CPU
		{FB53EA3F-5C3D-421F-8667-CEB4AD2556BE}.Debug|x64.ActiveCfg = Debug|Any CPU
		{FB53EA3F-5C3D-421F-8667-CEB4AD2556BE}.Debug|x64.Build.0 = Debug|Any CPU
		{FB53EA3F-5C3D-421F-8667-CEB4AD2556BE}.Release|Any CPU.ActiveCfg = Release|Any CPU
		{FB53EA3F-5C3D-421F-8667-CEB4AD2556BE}.Release|Any CPU.Build.0 = Release|Any CPU
		{FB53EA3F-5C3D-421F-8667-CEB4AD2556BE}.Release|iPhone.ActiveCfg = Release|Any CPU
		{FB53EA3F-5C3D-421F-8667-CEB4AD2556BE}.Release|iPhone.Build.0 = Release|Any CPU
		{FB53EA3F-5C3D-421F-8667-CEB4AD2556BE}.Release|iPhoneSimulator.ActiveCfg = Release|Any CPU
		{FB53EA3F-5C3D-421F-8667-CEB4AD2556BE}.Release|iPhoneSimulator.Build.0 = Release|Any CPU
		{FB53EA3F-5C3D-421F-8667-CEB4AD2556BE}.Release|x64.ActiveCfg = Release|Any CPU
		{FB53EA3F-5C3D-421F-8667-CEB4AD2556BE}.Release|x64.Build.0 = Release|Any CPU
		{19D6D24D-FD79-42B1-ABA5-038875180AED}.Ad-Hoc|Any CPU.ActiveCfg = Release|Any CPU
		{19D6D24D-FD79-42B1-ABA5-038875180AED}.Ad-Hoc|Any CPU.Build.0 = Release|Any CPU
		{19D6D24D-FD79-42B1-ABA5-038875180AED}.Ad-Hoc|Any CPU.Deploy.0 = Release|Any CPU
		{19D6D24D-FD79-42B1-ABA5-038875180AED}.Ad-Hoc|iPhone.ActiveCfg = Release|Any CPU
		{19D6D24D-FD79-42B1-ABA5-038875180AED}.Ad-Hoc|iPhone.Build.0 = Release|Any CPU
		{19D6D24D-FD79-42B1-ABA5-038875180AED}.Ad-Hoc|iPhone.Deploy.0 = Release|Any CPU
		{19D6D24D-FD79-42B1-ABA5-038875180AED}.Ad-Hoc|iPhoneSimulator.ActiveCfg = Release|Any CPU
		{19D6D24D-FD79-42B1-ABA5-038875180AED}.Ad-Hoc|iPhoneSimulator.Build.0 = Release|Any CPU
		{19D6D24D-FD79-42B1-ABA5-038875180AED}.Ad-Hoc|iPhoneSimulator.Deploy.0 = Release|Any CPU
		{19D6D24D-FD79-42B1-ABA5-038875180AED}.Ad-Hoc|x64.ActiveCfg = Debug|Any CPU
		{19D6D24D-FD79-42B1-ABA5-038875180AED}.Ad-Hoc|x64.Build.0 = Debug|Any CPU
		{19D6D24D-FD79-42B1-ABA5-038875180AED}.Ad-Hoc|x64.Deploy.0 = Debug|Any CPU
		{19D6D24D-FD79-42B1-ABA5-038875180AED}.AppStore|Any CPU.ActiveCfg = Release|Any CPU
		{19D6D24D-FD79-42B1-ABA5-038875180AED}.AppStore|Any CPU.Build.0 = Release|Any CPU
		{19D6D24D-FD79-42B1-ABA5-038875180AED}.AppStore|Any CPU.Deploy.0 = Release|Any CPU
		{19D6D24D-FD79-42B1-ABA5-038875180AED}.AppStore|iPhone.ActiveCfg = Release|Any CPU
		{19D6D24D-FD79-42B1-ABA5-038875180AED}.AppStore|iPhone.Build.0 = Release|Any CPU
		{19D6D24D-FD79-42B1-ABA5-038875180AED}.AppStore|iPhone.Deploy.0 = Release|Any CPU
		{19D6D24D-FD79-42B1-ABA5-038875180AED}.AppStore|iPhoneSimulator.ActiveCfg = Release|Any CPU
		{19D6D24D-FD79-42B1-ABA5-038875180AED}.AppStore|iPhoneSimulator.Build.0 = Release|Any CPU
		{19D6D24D-FD79-42B1-ABA5-038875180AED}.AppStore|iPhoneSimulator.Deploy.0 = Release|Any CPU
		{19D6D24D-FD79-42B1-ABA5-038875180AED}.AppStore|x64.ActiveCfg = Debug|Any CPU
		{19D6D24D-FD79-42B1-ABA5-038875180AED}.AppStore|x64.Build.0 = Debug|Any CPU
		{19D6D24D-FD79-42B1-ABA5-038875180AED}.AppStore|x64.Deploy.0 = Debug|Any CPU
		{19D6D24D-FD79-42B1-ABA5-038875180AED}.Debug|Any CPU.ActiveCfg = Debug|Any CPU
		{19D6D24D-FD79-42B1-ABA5-038875180AED}.Debug|Any CPU.Build.0 = Debug|Any CPU
		{19D6D24D-FD79-42B1-ABA5-038875180AED}.Debug|Any CPU.Deploy.0 = Debug|Any CPU
		{19D6D24D-FD79-42B1-ABA5-038875180AED}.Debug|iPhone.ActiveCfg = Debug|Any CPU
		{19D6D24D-FD79-42B1-ABA5-038875180AED}.Debug|iPhone.Build.0 = Debug|Any CPU
		{19D6D24D-FD79-42B1-ABA5-038875180AED}.Debug|iPhone.Deploy.0 = Debug|Any CPU
		{19D6D24D-FD79-42B1-ABA5-038875180AED}.Debug|iPhoneSimulator.ActiveCfg = Debug|Any CPU
		{19D6D24D-FD79-42B1-ABA5-038875180AED}.Debug|iPhoneSimulator.Build.0 = Debug|Any CPU
		{19D6D24D-FD79-42B1-ABA5-038875180AED}.Debug|iPhoneSimulator.Deploy.0 = Debug|Any CPU
		{19D6D24D-FD79-42B1-ABA5-038875180AED}.Debug|x64.ActiveCfg = Release|Any CPU
		{19D6D24D-FD79-42B1-ABA5-038875180AED}.Debug|x64.Build.0 = Release|Any CPU
		{19D6D24D-FD79-42B1-ABA5-038875180AED}.Debug|x64.Deploy.0 = Release|Any CPU
		{19D6D24D-FD79-42B1-ABA5-038875180AED}.Release|Any CPU.ActiveCfg = Release|Any CPU
		{19D6D24D-FD79-42B1-ABA5-038875180AED}.Release|Any CPU.Build.0 = Release|Any CPU
		{19D6D24D-FD79-42B1-ABA5-038875180AED}.Release|Any CPU.Deploy.0 = Release|Any CPU
		{19D6D24D-FD79-42B1-ABA5-038875180AED}.Release|iPhone.ActiveCfg = Release|Any CPU
		{19D6D24D-FD79-42B1-ABA5-038875180AED}.Release|iPhone.Build.0 = Release|Any CPU
		{19D6D24D-FD79-42B1-ABA5-038875180AED}.Release|iPhone.Deploy.0 = Release|Any CPU
		{19D6D24D-FD79-42B1-ABA5-038875180AED}.Release|iPhoneSimulator.ActiveCfg = Release|Any CPU
		{19D6D24D-FD79-42B1-ABA5-038875180AED}.Release|iPhoneSimulator.Build.0 = Release|Any CPU
		{19D6D24D-FD79-42B1-ABA5-038875180AED}.Release|iPhoneSimulator.Deploy.0 = Release|Any CPU
		{19D6D24D-FD79-42B1-ABA5-038875180AED}.Release|x64.ActiveCfg = Release|Any CPU
		{19D6D24D-FD79-42B1-ABA5-038875180AED}.Release|x64.Build.0 = Release|Any CPU
		{19D6D24D-FD79-42B1-ABA5-038875180AED}.Release|x64.Deploy.0 = Release|Any CPU
		{099C53C1-C419-4DD4-AB44-0795D7387CB8}.Ad-Hoc|Any CPU.ActiveCfg = Release|Any CPU
		{099C53C1-C419-4DD4-AB44-0795D7387CB8}.Ad-Hoc|Any CPU.Build.0 = Release|Any CPU
		{099C53C1-C419-4DD4-AB44-0795D7387CB8}.Ad-Hoc|iPhone.ActiveCfg = Release|Any CPU
		{099C53C1-C419-4DD4-AB44-0795D7387CB8}.Ad-Hoc|iPhone.Build.0 = Release|Any CPU
		{099C53C1-C419-4DD4-AB44-0795D7387CB8}.Ad-Hoc|iPhoneSimulator.ActiveCfg = Release|Any CPU
		{099C53C1-C419-4DD4-AB44-0795D7387CB8}.Ad-Hoc|iPhoneSimulator.Build.0 = Release|Any CPU
		{099C53C1-C419-4DD4-AB44-0795D7387CB8}.Ad-Hoc|x64.ActiveCfg = Debug|Any CPU
		{099C53C1-C419-4DD4-AB44-0795D7387CB8}.Ad-Hoc|x64.Build.0 = Debug|Any CPU
		{099C53C1-C419-4DD4-AB44-0795D7387CB8}.AppStore|Any CPU.ActiveCfg = Release|Any CPU
		{099C53C1-C419-4DD4-AB44-0795D7387CB8}.AppStore|Any CPU.Build.0 = Release|Any CPU
		{099C53C1-C419-4DD4-AB44-0795D7387CB8}.AppStore|iPhone.ActiveCfg = Release|Any CPU
		{099C53C1-C419-4DD4-AB44-0795D7387CB8}.AppStore|iPhone.Build.0 = Release|Any CPU
		{099C53C1-C419-4DD4-AB44-0795D7387CB8}.AppStore|iPhoneSimulator.ActiveCfg = Release|Any CPU
		{099C53C1-C419-4DD4-AB44-0795D7387CB8}.AppStore|iPhoneSimulator.Build.0 = Release|Any CPU
		{099C53C1-C419-4DD4-AB44-0795D7387CB8}.AppStore|x64.ActiveCfg = Debug|Any CPU
		{099C53C1-C419-4DD4-AB44-0795D7387CB8}.AppStore|x64.Build.0 = Debug|Any CPU
		{099C53C1-C419-4DD4-AB44-0795D7387CB8}.Debug|Any CPU.ActiveCfg = Debug|Any CPU
		{099C53C1-C419-4DD4-AB44-0795D7387CB8}.Debug|Any CPU.Build.0 = Debug|Any CPU
		{099C53C1-C419-4DD4-AB44-0795D7387CB8}.Debug|iPhone.ActiveCfg = Debug|Any CPU
		{099C53C1-C419-4DD4-AB44-0795D7387CB8}.Debug|iPhone.Build.0 = Debug|Any CPU
		{099C53C1-C419-4DD4-AB44-0795D7387CB8}.Debug|iPhoneSimulator.ActiveCfg = Debug|Any CPU
		{099C53C1-C419-4DD4-AB44-0795D7387CB8}.Debug|iPhoneSimulator.Build.0 = Debug|Any CPU
		{099C53C1-C419-4DD4-AB44-0795D7387CB8}.Debug|x64.ActiveCfg = Debug|Any CPU
		{099C53C1-C419-4DD4-AB44-0795D7387CB8}.Debug|x64.Build.0 = Debug|Any CPU
		{099C53C1-C419-4DD4-AB44-0795D7387CB8}.Release|Any CPU.ActiveCfg = Release|Any CPU
		{099C53C1-C419-4DD4-AB44-0795D7387CB8}.Release|Any CPU.Build.0 = Release|Any CPU
		{099C53C1-C419-4DD4-AB44-0795D7387CB8}.Release|iPhone.ActiveCfg = Release|Any CPU
		{099C53C1-C419-4DD4-AB44-0795D7387CB8}.Release|iPhone.Build.0 = Release|Any CPU
		{099C53C1-C419-4DD4-AB44-0795D7387CB8}.Release|iPhoneSimulator.ActiveCfg = Release|Any CPU
		{099C53C1-C419-4DD4-AB44-0795D7387CB8}.Release|iPhoneSimulator.Build.0 = Release|Any CPU
		{099C53C1-C419-4DD4-AB44-0795D7387CB8}.Release|x64.ActiveCfg = Release|Any CPU
		{099C53C1-C419-4DD4-AB44-0795D7387CB8}.Release|x64.Build.0 = Release|Any CPU
		{C2DD8B2E-5982-42B7-B93B-60ACB7190BE1}.Ad-Hoc|Any CPU.ActiveCfg = Release|Any CPU
		{C2DD8B2E-5982-42B7-B93B-60ACB7190BE1}.Ad-Hoc|Any CPU.Build.0 = Release|Any CPU
		{C2DD8B2E-5982-42B7-B93B-60ACB7190BE1}.Ad-Hoc|iPhone.ActiveCfg = Release|Any CPU
		{C2DD8B2E-5982-42B7-B93B-60ACB7190BE1}.Ad-Hoc|iPhone.Build.0 = Release|Any CPU
		{C2DD8B2E-5982-42B7-B93B-60ACB7190BE1}.Ad-Hoc|iPhoneSimulator.ActiveCfg = Release|Any CPU
		{C2DD8B2E-5982-42B7-B93B-60ACB7190BE1}.Ad-Hoc|iPhoneSimulator.Build.0 = Release|Any CPU
		{C2DD8B2E-5982-42B7-B93B-60ACB7190BE1}.Ad-Hoc|x64.ActiveCfg = Release|Any CPU
		{C2DD8B2E-5982-42B7-B93B-60ACB7190BE1}.Ad-Hoc|x64.Build.0 = Release|Any CPU
		{C2DD8B2E-5982-42B7-B93B-60ACB7190BE1}.AppStore|Any CPU.ActiveCfg = Release|Any CPU
		{C2DD8B2E-5982-42B7-B93B-60ACB7190BE1}.AppStore|Any CPU.Build.0 = Release|Any CPU
		{C2DD8B2E-5982-42B7-B93B-60ACB7190BE1}.AppStore|iPhone.ActiveCfg = Release|Any CPU
		{C2DD8B2E-5982-42B7-B93B-60ACB7190BE1}.AppStore|iPhone.Build.0 = Release|Any CPU
		{C2DD8B2E-5982-42B7-B93B-60ACB7190BE1}.AppStore|iPhoneSimulator.ActiveCfg = Release|Any CPU
		{C2DD8B2E-5982-42B7-B93B-60ACB7190BE1}.AppStore|iPhoneSimulator.Build.0 = Release|Any CPU
		{C2DD8B2E-5982-42B7-B93B-60ACB7190BE1}.AppStore|x64.ActiveCfg = Release|Any CPU
		{C2DD8B2E-5982-42B7-B93B-60ACB7190BE1}.AppStore|x64.Build.0 = Release|Any CPU
		{C2DD8B2E-5982-42B7-B93B-60ACB7190BE1}.Debug|Any CPU.ActiveCfg = Debug|Any CPU
		{C2DD8B2E-5982-42B7-B93B-60ACB7190BE1}.Debug|Any CPU.Build.0 = Debug|Any CPU
		{C2DD8B2E-5982-42B7-B93B-60ACB7190BE1}.Debug|iPhone.ActiveCfg = Debug|Any CPU
		{C2DD8B2E-5982-42B7-B93B-60ACB7190BE1}.Debug|iPhone.Build.0 = Debug|Any CPU
		{C2DD8B2E-5982-42B7-B93B-60ACB7190BE1}.Debug|iPhoneSimulator.ActiveCfg = Debug|Any CPU
		{C2DD8B2E-5982-42B7-B93B-60ACB7190BE1}.Debug|iPhoneSimulator.Build.0 = Debug|Any CPU
		{C2DD8B2E-5982-42B7-B93B-60ACB7190BE1}.Debug|x64.ActiveCfg = Debug|Any CPU
		{C2DD8B2E-5982-42B7-B93B-60ACB7190BE1}.Debug|x64.Build.0 = Debug|Any CPU
		{C2DD8B2E-5982-42B7-B93B-60ACB7190BE1}.Release|Any CPU.ActiveCfg = Release|Any CPU
		{C2DD8B2E-5982-42B7-B93B-60ACB7190BE1}.Release|Any CPU.Build.0 = Release|Any CPU
		{C2DD8B2E-5982-42B7-B93B-60ACB7190BE1}.Release|iPhone.ActiveCfg = Release|Any CPU
		{C2DD8B2E-5982-42B7-B93B-60ACB7190BE1}.Release|iPhone.Build.0 = Release|Any CPU
		{C2DD8B2E-5982-42B7-B93B-60ACB7190BE1}.Release|iPhoneSimulator.ActiveCfg = Release|Any CPU
		{C2DD8B2E-5982-42B7-B93B-60ACB7190BE1}.Release|iPhoneSimulator.Build.0 = Release|Any CPU
		{C2DD8B2E-5982-42B7-B93B-60ACB7190BE1}.Release|x64.ActiveCfg = Release|Any CPU
		{C2DD8B2E-5982-42B7-B93B-60ACB7190BE1}.Release|x64.Build.0 = Release|Any CPU
	EndGlobalSection
	GlobalSection(SolutionProperties) = preSolution
		HideSolutionNode = FALSE
	EndGlobalSection
	GlobalSection(ExtensibilityGlobals) = postSolution
		SolutionGuid = {7ECC838C-1C12-4B0D-9ACA-CE3D8637F9A2}
	EndGlobalSection
EndGlobal
