
Microsoft Visual Studio Solution File, Format Version 12.00
# Visual Studio Version 16
VisualStudioVersion = 16.0.28729.10
MinimumVisualStudioVersion = 10.0.40219.1
Project("{FAE04EC0-301F-11D3-BF4B-00C04F79EFBC}") = "MDispatch.iOS", "MDispatch\MDispatch.iOS\MDispatch.iOS.csproj", "{FFE941D5-E279-4090-AEEA-9A32BE01D3D7}"
EndProject
Project("{9A19103F-16F7-4668-BE54-9A1E7A4F7556}") = "MDispatch", "MDispatch\MDispatch\MDispatch.csproj", "{D6CD94AD-B4AF-4C31-B29D-789E2FBD7D48}"
EndProject
Project("{FAE04EC0-301F-11D3-BF4B-00C04F79EFBC}") = "MDispatch.Android", "MDispatch\MDispatch.Android\MDispatch.Android.csproj", "{19D6D24D-FD79-42B1-ABA5-038875180AED}"
EndProject
Project("{FAE04EC0-301F-11D3-BF4B-00C04F79EFBC}") = "Expansion", "Expansion\Expansion.csproj", "{CF639699-B873-4A75-A48B-C92F411C37E8}"
EndProject
Project("{9344BDBB-3E7F-41FC-A0DD-8665D75EE146}") = "WebDispacher", "WebDispacher\WebDispacher.csproj", "{618C1017-F4EE-4153-A784-EDFFB6AC95EA}"
EndProject
Project("{9344BDBB-3E7F-41FC-A0DD-8665D75EE146}") = "DaoModels", "DaoModels\DaoModels.csproj", "{DF537442-AB06-4233-BA2E-C8D4E10D20FA}"
EndProject
Project("{9344BDBB-3E7F-41FC-A0DD-8665D75EE146}") = "ApiMobaileServise", "ApiMobaileServise\ApiMobaileServise.csproj", "{FCAFC7C2-DE3F-4B31-9E81-2B8589411F52}"
EndProject
Project("{9344BDBB-3E7F-41FC-A0DD-8665D75EE146}") = "BaceModel", "BaceModel\BaceModel.csproj", "{50B7C970-06F7-4F34-8A89-7E7896ABFC01}"
EndProject
Project("{9344BDBB-3E7F-41FC-A0DD-8665D75EE146}") = "Parser", "Parser\Parser.csproj", "{DCFE3BDD-FFF4-4938-857C-AFC0114F5B8E}"
EndProject
Global
	GlobalSection(SolutionConfigurationPlatforms) = preSolution
		Ad-Hoc|Any CPU = Ad-Hoc|Any CPU
		Ad-Hoc|iPhone = Ad-Hoc|iPhone
		Ad-Hoc|iPhoneSimulator = Ad-Hoc|iPhoneSimulator
		Ad-Hoc|x64 = Ad-Hoc|x64
		AppStore|Any CPU = AppStore|Any CPU
		AppStore|iPhone = AppStore|iPhone
		AppStore|iPhoneSimulator = AppStore|iPhoneSimulator
		AppStore|x64 = AppStore|x64
		Debug|Any CPU = Debug|Any CPU
		Debug|iPhone = Debug|iPhone
		Debug|iPhoneSimulator = Debug|iPhoneSimulator
		Debug|x64 = Debug|x64
		Release|Any CPU = Release|Any CPU
		Release|iPhone = Release|iPhone
		Release|iPhoneSimulator = Release|iPhoneSimulator
		Release|x64 = Release|x64
	EndGlobalSection
	GlobalSection(ProjectConfigurationPlatforms) = postSolution
		{FFE941D5-E279-4090-AEEA-9A32BE01D3D7}.Ad-Hoc|Any CPU.ActiveCfg = Ad-Hoc|iPhone
		{FFE941D5-E279-4090-AEEA-9A32BE01D3D7}.Ad-Hoc|iPhone.ActiveCfg = Ad-Hoc|iPhone
		{FFE941D5-E279-4090-AEEA-9A32BE01D3D7}.Ad-Hoc|iPhone.Build.0 = Ad-Hoc|iPhone
		{FFE941D5-E279-4090-AEEA-9A32BE01D3D7}.Ad-Hoc|iPhoneSimulator.ActiveCfg = Ad-Hoc|iPhoneSimulator
		{FFE941D5-E279-4090-AEEA-9A32BE01D3D7}.Ad-Hoc|iPhoneSimulator.Build.0 = Ad-Hoc|iPhoneSimulator
		{FFE941D5-E279-4090-AEEA-9A32BE01D3D7}.Ad-Hoc|x64.ActiveCfg = Ad-Hoc|x64
		{FFE941D5-E279-4090-AEEA-9A32BE01D3D7}.Ad-Hoc|x64.Build.0 = Ad-Hoc|x64
		{FFE941D5-E279-4090-AEEA-9A32BE01D3D7}.AppStore|Any CPU.ActiveCfg = AppStore|iPhone
		{FFE941D5-E279-4090-AEEA-9A32BE01D3D7}.AppStore|iPhone.ActiveCfg = AppStore|iPhone
		{FFE941D5-E279-4090-AEEA-9A32BE01D3D7}.AppStore|iPhone.Build.0 = AppStore|iPhone
		{FFE941D5-E279-4090-AEEA-9A32BE01D3D7}.AppStore|iPhoneSimulator.ActiveCfg = AppStore|iPhoneSimulator
		{FFE941D5-E279-4090-AEEA-9A32BE01D3D7}.AppStore|iPhoneSimulator.Build.0 = AppStore|iPhoneSimulator
		{FFE941D5-E279-4090-AEEA-9A32BE01D3D7}.AppStore|x64.ActiveCfg = AppStore|x64
		{FFE941D5-E279-4090-AEEA-9A32BE01D3D7}.AppStore|x64.Build.0 = AppStore|x64
		{FFE941D5-E279-4090-AEEA-9A32BE01D3D7}.Debug|Any CPU.ActiveCfg = Debug|iPhone
		{FFE941D5-E279-4090-AEEA-9A32BE01D3D7}.Debug|iPhone.ActiveCfg = Debug|iPhone
		{FFE941D5-E279-4090-AEEA-9A32BE01D3D7}.Debug|iPhone.Build.0 = Debug|iPhone
		{FFE941D5-E279-4090-AEEA-9A32BE01D3D7}.Debug|iPhone.Deploy.0 = Debug|iPhone
		{FFE941D5-E279-4090-AEEA-9A32BE01D3D7}.Debug|iPhoneSimulator.ActiveCfg = Debug|iPhone
		{FFE941D5-E279-4090-AEEA-9A32BE01D3D7}.Debug|iPhoneSimulator.Build.0 = Debug|iPhone
		{FFE941D5-E279-4090-AEEA-9A32BE01D3D7}.Debug|x64.ActiveCfg = Debug|iPhoneSimulator
		{FFE941D5-E279-4090-AEEA-9A32BE01D3D7}.Debug|x64.Build.0 = Debug|iPhoneSimulator
		{FFE941D5-E279-4090-AEEA-9A32BE01D3D7}.Release|Any CPU.ActiveCfg = Release|iPhone
		{FFE941D5-E279-4090-AEEA-9A32BE01D3D7}.Release|iPhone.ActiveCfg = Release|iPhone
		{FFE941D5-E279-4090-AEEA-9A32BE01D3D7}.Release|iPhone.Build.0 = Release|iPhone
		{FFE941D5-E279-4090-AEEA-9A32BE01D3D7}.Release|iPhoneSimulator.ActiveCfg = Release|iPhoneSimulator
		{FFE941D5-E279-4090-AEEA-9A32BE01D3D7}.Release|iPhoneSimulator.Build.0 = Release|iPhoneSimulator
		{FFE941D5-E279-4090-AEEA-9A32BE01D3D7}.Release|x64.ActiveCfg = Release|x64
		{FFE941D5-E279-4090-AEEA-9A32BE01D3D7}.Release|x64.Build.0 = Release|x64
		{D6CD94AD-B4AF-4C31-B29D-789E2FBD7D48}.Ad-Hoc|Any CPU.ActiveCfg = Debug|Any CPU
		{D6CD94AD-B4AF-4C31-B29D-789E2FBD7D48}.Ad-Hoc|Any CPU.Build.0 = Debug|Any CPU
		{D6CD94AD-B4AF-4C31-B29D-789E2FBD7D48}.Ad-Hoc|iPhone.ActiveCfg = Debug|Any CPU
		{D6CD94AD-B4AF-4C31-B29D-789E2FBD7D48}.Ad-Hoc|iPhone.Build.0 = Debug|Any CPU
		{D6CD94AD-B4AF-4C31-B29D-789E2FBD7D48}.Ad-Hoc|iPhoneSimulator.ActiveCfg = Debug|Any CPU
		{D6CD94AD-B4AF-4C31-B29D-789E2FBD7D48}.Ad-Hoc|iPhoneSimulator.Build.0 = Debug|Any CPU
		{D6CD94AD-B4AF-4C31-B29D-789E2FBD7D48}.Ad-Hoc|x64.ActiveCfg = Release|Any CPU
		{D6CD94AD-B4AF-4C31-B29D-789E2FBD7D48}.Ad-Hoc|x64.Build.0 = Release|Any CPU
		{D6CD94AD-B4AF-4C31-B29D-789E2FBD7D48}.AppStore|Any CPU.ActiveCfg = Debug|Any CPU
		{D6CD94AD-B4AF-4C31-B29D-789E2FBD7D48}.AppStore|Any CPU.Build.0 = Debug|Any CPU
		{D6CD94AD-B4AF-4C31-B29D-789E2FBD7D48}.AppStore|iPhone.ActiveCfg = Debug|Any CPU
		{D6CD94AD-B4AF-4C31-B29D-789E2FBD7D48}.AppStore|iPhone.Build.0 = Debug|Any CPU
		{D6CD94AD-B4AF-4C31-B29D-789E2FBD7D48}.AppStore|iPhoneSimulator.ActiveCfg = Debug|Any CPU
		{D6CD94AD-B4AF-4C31-B29D-789E2FBD7D48}.AppStore|iPhoneSimulator.Build.0 = Debug|Any CPU
		{D6CD94AD-B4AF-4C31-B29D-789E2FBD7D48}.AppStore|x64.ActiveCfg = Release|Any CPU
		{D6CD94AD-B4AF-4C31-B29D-789E2FBD7D48}.AppStore|x64.Build.0 = Release|Any CPU
		{D6CD94AD-B4AF-4C31-B29D-789E2FBD7D48}.Debug|Any CPU.ActiveCfg = Debug|Any CPU
		{D6CD94AD-B4AF-4C31-B29D-789E2FBD7D48}.Debug|Any CPU.Build.0 = Debug|Any CPU
		{D6CD94AD-B4AF-4C31-B29D-789E2FBD7D48}.Debug|iPhone.ActiveCfg = Debug|Any CPU
		{D6CD94AD-B4AF-4C31-B29D-789E2FBD7D48}.Debug|iPhone.Build.0 = Debug|Any CPU
		{D6CD94AD-B4AF-4C31-B29D-789E2FBD7D48}.Debug|iPhoneSimulator.ActiveCfg = Debug|Any CPU
		{D6CD94AD-B4AF-4C31-B29D-789E2FBD7D48}.Debug|iPhoneSimulator.Build.0 = Debug|Any CPU
		{D6CD94AD-B4AF-4C31-B29D-789E2FBD7D48}.Debug|x64.ActiveCfg = Debug|Any CPU
		{D6CD94AD-B4AF-4C31-B29D-789E2FBD7D48}.Debug|x64.Build.0 = Debug|Any CPU
		{D6CD94AD-B4AF-4C31-B29D-789E2FBD7D48}.Release|Any CPU.ActiveCfg = Release|Any CPU
		{D6CD94AD-B4AF-4C31-B29D-789E2FBD7D48}.Release|Any CPU.Build.0 = Release|Any CPU
		{D6CD94AD-B4AF-4C31-B29D-789E2FBD7D48}.Release|iPhone.ActiveCfg = Release|Any CPU
		{D6CD94AD-B4AF-4C31-B29D-789E2FBD7D48}.Release|iPhone.Build.0 = Release|Any CPU
		{D6CD94AD-B4AF-4C31-B29D-789E2FBD7D48}.Release|iPhoneSimulator.ActiveCfg = Release|Any CPU
		{D6CD94AD-B4AF-4C31-B29D-789E2FBD7D48}.Release|iPhoneSimulator.Build.0 = Release|Any CPU
		{D6CD94AD-B4AF-4C31-B29D-789E2FBD7D48}.Release|x64.ActiveCfg = Release|Any CPU
		{D6CD94AD-B4AF-4C31-B29D-789E2FBD7D48}.Release|x64.Build.0 = Release|Any CPU
		{19D6D24D-FD79-42B1-ABA5-038875180AED}.Ad-Hoc|Any CPU.ActiveCfg = Release|Any CPU
		{19D6D24D-FD79-42B1-ABA5-038875180AED}.Ad-Hoc|Any CPU.Build.0 = Release|Any CPU
		{19D6D24D-FD79-42B1-ABA5-038875180AED}.Ad-Hoc|Any CPU.Deploy.0 = Release|Any CPU
		{19D6D24D-FD79-42B1-ABA5-038875180AED}.Ad-Hoc|iPhone.ActiveCfg = Release|Any CPU
		{19D6D24D-FD79-42B1-ABA5-038875180AED}.Ad-Hoc|iPhone.Build.0 = Release|Any CPU
		{19D6D24D-FD79-42B1-ABA5-038875180AED}.Ad-Hoc|iPhone.Deploy.0 = Release|Any CPU
		{19D6D24D-FD79-42B1-ABA5-038875180AED}.Ad-Hoc|iPhoneSimulator.ActiveCfg = Release|Any CPU
		{19D6D24D-FD79-42B1-ABA5-038875180AED}.Ad-Hoc|iPhoneSimulator.Build.0 = Release|Any CPU
		{19D6D24D-FD79-42B1-ABA5-038875180AED}.Ad-Hoc|iPhoneSimulator.Deploy.0 = Release|Any CPU
		{19D6D24D-FD79-42B1-ABA5-038875180AED}.Ad-Hoc|x64.ActiveCfg = Debug|Any CPU
		{19D6D24D-FD79-42B1-ABA5-038875180AED}.Ad-Hoc|x64.Build.0 = Debug|Any CPU
		{19D6D24D-FD79-42B1-ABA5-038875180AED}.Ad-Hoc|x64.Deploy.0 = Debug|Any CPU
		{19D6D24D-FD79-42B1-ABA5-038875180AED}.AppStore|Any CPU.ActiveCfg = Release|Any CPU
		{19D6D24D-FD79-42B1-ABA5-038875180AED}.AppStore|Any CPU.Build.0 = Release|Any CPU
		{19D6D24D-FD79-42B1-ABA5-038875180AED}.AppStore|Any CPU.Deploy.0 = Release|Any CPU
		{19D6D24D-FD79-42B1-ABA5-038875180AED}.AppStore|iPhone.ActiveCfg = Release|Any CPU
		{19D6D24D-FD79-42B1-ABA5-038875180AED}.AppStore|iPhone.Build.0 = Release|Any CPU
		{19D6D24D-FD79-42B1-ABA5-038875180AED}.AppStore|iPhone.Deploy.0 = Release|Any CPU
		{19D6D24D-FD79-42B1-ABA5-038875180AED}.AppStore|iPhoneSimulator.ActiveCfg = Release|Any CPU
		{19D6D24D-FD79-42B1-ABA5-038875180AED}.AppStore|iPhoneSimulator.Build.0 = Release|Any CPU
		{19D6D24D-FD79-42B1-ABA5-038875180AED}.AppStore|iPhoneSimulator.Deploy.0 = Release|Any CPU
		{19D6D24D-FD79-42B1-ABA5-038875180AED}.AppStore|x64.ActiveCfg = Debug|Any CPU
		{19D6D24D-FD79-42B1-ABA5-038875180AED}.AppStore|x64.Build.0 = Debug|Any CPU
		{19D6D24D-FD79-42B1-ABA5-038875180AED}.AppStore|x64.Deploy.0 = Debug|Any CPU
		{19D6D24D-FD79-42B1-ABA5-038875180AED}.Debug|Any CPU.ActiveCfg = Debug|Any CPU
		{19D6D24D-FD79-42B1-ABA5-038875180AED}.Debug|Any CPU.Build.0 = Debug|Any CPU
		{19D6D24D-FD79-42B1-ABA5-038875180AED}.Debug|Any CPU.Deploy.0 = Debug|Any CPU
		{19D6D24D-FD79-42B1-ABA5-038875180AED}.Debug|iPhone.ActiveCfg = Debug|Any CPU
		{19D6D24D-FD79-42B1-ABA5-038875180AED}.Debug|iPhone.Build.0 = Debug|Any CPU
		{19D6D24D-FD79-42B1-ABA5-038875180AED}.Debug|iPhone.Deploy.0 = Debug|Any CPU
		{19D6D24D-FD79-42B1-ABA5-038875180AED}.Debug|iPhoneSimulator.ActiveCfg = Debug|Any CPU
		{19D6D24D-FD79-42B1-ABA5-038875180AED}.Debug|iPhoneSimulator.Build.0 = Debug|Any CPU
		{19D6D24D-FD79-42B1-ABA5-038875180AED}.Debug|iPhoneSimulator.Deploy.0 = Debug|Any CPU
		{19D6D24D-FD79-42B1-ABA5-038875180AED}.Debug|x64.ActiveCfg = Release|Any CPU
		{19D6D24D-FD79-42B1-ABA5-038875180AED}.Debug|x64.Build.0 = Release|Any CPU
		{19D6D24D-FD79-42B1-ABA5-038875180AED}.Debug|x64.Deploy.0 = Release|Any CPU
		{19D6D24D-FD79-42B1-ABA5-038875180AED}.Release|Any CPU.ActiveCfg = Release|Any CPU
		{19D6D24D-FD79-42B1-ABA5-038875180AED}.Release|Any CPU.Build.0 = Release|Any CPU
		{19D6D24D-FD79-42B1-ABA5-038875180AED}.Release|Any CPU.Deploy.0 = Release|Any CPU
		{19D6D24D-FD79-42B1-ABA5-038875180AED}.Release|iPhone.ActiveCfg = Release|Any CPU
		{19D6D24D-FD79-42B1-ABA5-038875180AED}.Release|iPhone.Build.0 = Release|Any CPU
		{19D6D24D-FD79-42B1-ABA5-038875180AED}.Release|iPhone.Deploy.0 = Release|Any CPU
		{19D6D24D-FD79-42B1-ABA5-038875180AED}.Release|iPhoneSimulator.ActiveCfg = Release|Any CPU
		{19D6D24D-FD79-42B1-ABA5-038875180AED}.Release|iPhoneSimulator.Build.0 = Release|Any CPU
		{19D6D24D-FD79-42B1-ABA5-038875180AED}.Release|iPhoneSimulator.Deploy.0 = Release|Any CPU
		{19D6D24D-FD79-42B1-ABA5-038875180AED}.Release|x64.ActiveCfg = Release|Any CPU
		{19D6D24D-FD79-42B1-ABA5-038875180AED}.Release|x64.Build.0 = Release|Any CPU
		{19D6D24D-FD79-42B1-ABA5-038875180AED}.Release|x64.Deploy.0 = Release|Any CPU
		{CF639699-B873-4A75-A48B-C92F411C37E8}.Ad-Hoc|Any CPU.ActiveCfg = Release|Any CPU
		{CF639699-B873-4A75-A48B-C92F411C37E8}.Ad-Hoc|Any CPU.Build.0 = Release|Any CPU
		{CF639699-B873-4A75-A48B-C92F411C37E8}.Ad-Hoc|iPhone.ActiveCfg = Release|Any CPU
		{CF639699-B873-4A75-A48B-C92F411C37E8}.Ad-Hoc|iPhone.Build.0 = Release|Any CPU
		{CF639699-B873-4A75-A48B-C92F411C37E8}.Ad-Hoc|iPhoneSimulator.ActiveCfg = Release|Any CPU
		{CF639699-B873-4A75-A48B-C92F411C37E8}.Ad-Hoc|iPhoneSimulator.Build.0 = Release|Any CPU
		{CF639699-B873-4A75-A48B-C92F411C37E8}.Ad-Hoc|x64.ActiveCfg = Release|Any CPU
		{CF639699-B873-4A75-A48B-C92F411C37E8}.Ad-Hoc|x64.Build.0 = Release|Any CPU
		{CF639699-B873-4A75-A48B-C92F411C37E8}.AppStore|Any CPU.ActiveCfg = Release|Any CPU
		{CF639699-B873-4A75-A48B-C92F411C37E8}.AppStore|Any CPU.Build.0 = Release|Any CPU
		{CF639699-B873-4A75-A48B-C92F411C37E8}.AppStore|iPhone.ActiveCfg = Release|Any CPU
		{CF639699-B873-4A75-A48B-C92F411C37E8}.AppStore|iPhone.Build.0 = Release|Any CPU
		{CF639699-B873-4A75-A48B-C92F411C37E8}.AppStore|iPhoneSimulator.ActiveCfg = Release|Any CPU
		{CF639699-B873-4A75-A48B-C92F411C37E8}.AppStore|iPhoneSimulator.Build.0 = Release|Any CPU
		{CF639699-B873-4A75-A48B-C92F411C37E8}.AppStore|x64.ActiveCfg = Release|Any CPU
		{CF639699-B873-4A75-A48B-C92F411C37E8}.AppStore|x64.Build.0 = Release|Any CPU
		{CF639699-B873-4A75-A48B-C92F411C37E8}.Debug|Any CPU.ActiveCfg = Debug|Any CPU
		{CF639699-B873-4A75-A48B-C92F411C37E8}.Debug|Any CPU.Build.0 = Debug|Any CPU
		{CF639699-B873-4A75-A48B-C92F411C37E8}.Debug|iPhone.ActiveCfg = Debug|Any CPU
		{CF639699-B873-4A75-A48B-C92F411C37E8}.Debug|iPhone.Build.0 = Debug|Any CPU
		{CF639699-B873-4A75-A48B-C92F411C37E8}.Debug|iPhoneSimulator.ActiveCfg = Debug|Any CPU
		{CF639699-B873-4A75-A48B-C92F411C37E8}.Debug|iPhoneSimulator.Build.0 = Debug|Any CPU
		{CF639699-B873-4A75-A48B-C92F411C37E8}.Debug|x64.ActiveCfg = Debug|Any CPU
		{CF639699-B873-4A75-A48B-C92F411C37E8}.Debug|x64.Build.0 = Debug|Any CPU
		{CF639699-B873-4A75-A48B-C92F411C37E8}.Release|Any CPU.ActiveCfg = Release|Any CPU
		{CF639699-B873-4A75-A48B-C92F411C37E8}.Release|Any CPU.Build.0 = Release|Any CPU
		{CF639699-B873-4A75-A48B-C92F411C37E8}.Release|iPhone.ActiveCfg = Release|Any CPU
		{CF639699-B873-4A75-A48B-C92F411C37E8}.Release|iPhone.Build.0 = Release|Any CPU
		{CF639699-B873-4A75-A48B-C92F411C37E8}.Release|iPhoneSimulator.ActiveCfg = Release|Any CPU
		{CF639699-B873-4A75-A48B-C92F411C37E8}.Release|iPhoneSimulator.Build.0 = Release|Any CPU
		{CF639699-B873-4A75-A48B-C92F411C37E8}.Release|x64.ActiveCfg = Release|Any CPU
		{CF639699-B873-4A75-A48B-C92F411C37E8}.Release|x64.Build.0 = Release|Any CPU
		{618C1017-F4EE-4153-A784-EDFFB6AC95EA}.Ad-Hoc|Any CPU.ActiveCfg = Release|Any CPU
		{618C1017-F4EE-4153-A784-EDFFB6AC95EA}.Ad-Hoc|Any CPU.Build.0 = Release|Any CPU
		{618C1017-F4EE-4153-A784-EDFFB6AC95EA}.Ad-Hoc|iPhone.ActiveCfg = Release|Any CPU
		{618C1017-F4EE-4153-A784-EDFFB6AC95EA}.Ad-Hoc|iPhone.Build.0 = Release|Any CPU
		{618C1017-F4EE-4153-A784-EDFFB6AC95EA}.Ad-Hoc|iPhoneSimulator.ActiveCfg = Release|Any CPU
		{618C1017-F4EE-4153-A784-EDFFB6AC95EA}.Ad-Hoc|iPhoneSimulator.Build.0 = Release|Any CPU
		{618C1017-F4EE-4153-A784-EDFFB6AC95EA}.Ad-Hoc|x64.ActiveCfg = Debug|Any CPU
		{618C1017-F4EE-4153-A784-EDFFB6AC95EA}.Ad-Hoc|x64.Build.0 = Debug|Any CPU
		{618C1017-F4EE-4153-A784-EDFFB6AC95EA}.AppStore|Any CPU.ActiveCfg = Release|Any CPU
		{618C1017-F4EE-4153-A784-EDFFB6AC95EA}.AppStore|Any CPU.Build.0 = Release|Any CPU
		{618C1017-F4EE-4153-A784-EDFFB6AC95EA}.AppStore|iPhone.ActiveCfg = Release|Any CPU
		{618C1017-F4EE-4153-A784-EDFFB6AC95EA}.AppStore|iPhone.Build.0 = Release|Any CPU
		{618C1017-F4EE-4153-A784-EDFFB6AC95EA}.AppStore|iPhoneSimulator.ActiveCfg = Release|Any CPU
		{618C1017-F4EE-4153-A784-EDFFB6AC95EA}.AppStore|iPhoneSimulator.Build.0 = Release|Any CPU
		{618C1017-F4EE-4153-A784-EDFFB6AC95EA}.AppStore|x64.ActiveCfg = Debug|Any CPU
		{618C1017-F4EE-4153-A784-EDFFB6AC95EA}.AppStore|x64.Build.0 = Debug|Any CPU
		{618C1017-F4EE-4153-A784-EDFFB6AC95EA}.Debug|Any CPU.ActiveCfg = Debug|Any CPU
		{618C1017-F4EE-4153-A784-EDFFB6AC95EA}.Debug|Any CPU.Build.0 = Debug|Any CPU
		{618C1017-F4EE-4153-A784-EDFFB6AC95EA}.Debug|iPhone.ActiveCfg = Debug|Any CPU
		{618C1017-F4EE-4153-A784-EDFFB6AC95EA}.Debug|iPhone.Build.0 = Debug|Any CPU
		{618C1017-F4EE-4153-A784-EDFFB6AC95EA}.Debug|iPhoneSimulator.ActiveCfg = Debug|Any CPU
		{618C1017-F4EE-4153-A784-EDFFB6AC95EA}.Debug|iPhoneSimulator.Build.0 = Debug|Any CPU
		{618C1017-F4EE-4153-A784-EDFFB6AC95EA}.Debug|x64.ActiveCfg = Debug|Any CPU
		{618C1017-F4EE-4153-A784-EDFFB6AC95EA}.Debug|x64.Build.0 = Debug|Any CPU
		{618C1017-F4EE-4153-A784-EDFFB6AC95EA}.Release|Any CPU.ActiveCfg = Release|Any CPU
		{618C1017-F4EE-4153-A784-EDFFB6AC95EA}.Release|Any CPU.Build.0 = Release|Any CPU
		{618C1017-F4EE-4153-A784-EDFFB6AC95EA}.Release|iPhone.ActiveCfg = Release|Any CPU
		{618C1017-F4EE-4153-A784-EDFFB6AC95EA}.Release|iPhone.Build.0 = Release|Any CPU
		{618C1017-F4EE-4153-A784-EDFFB6AC95EA}.Release|iPhoneSimulator.ActiveCfg = Release|Any CPU
		{618C1017-F4EE-4153-A784-EDFFB6AC95EA}.Release|iPhoneSimulator.Build.0 = Release|Any CPU
		{618C1017-F4EE-4153-A784-EDFFB6AC95EA}.Release|x64.ActiveCfg = Release|Any CPU
		{618C1017-F4EE-4153-A784-EDFFB6AC95EA}.Release|x64.Build.0 = Release|Any CPU
		{DF537442-AB06-4233-BA2E-C8D4E10D20FA}.Ad-Hoc|Any CPU.ActiveCfg = Release|Any CPU
		{DF537442-AB06-4233-BA2E-C8D4E10D20FA}.Ad-Hoc|Any CPU.Build.0 = Release|Any CPU
		{DF537442-AB06-4233-BA2E-C8D4E10D20FA}.Ad-Hoc|iPhone.ActiveCfg = Release|Any CPU
		{DF537442-AB06-4233-BA2E-C8D4E10D20FA}.Ad-Hoc|iPhone.Build.0 = Release|Any CPU
		{DF537442-AB06-4233-BA2E-C8D4E10D20FA}.Ad-Hoc|iPhoneSimulator.ActiveCfg = Release|Any CPU
		{DF537442-AB06-4233-BA2E-C8D4E10D20FA}.Ad-Hoc|iPhoneSimulator.Build.0 = Release|Any CPU
		{DF537442-AB06-4233-BA2E-C8D4E10D20FA}.Ad-Hoc|x64.ActiveCfg = Debug|Any CPU
		{DF537442-AB06-4233-BA2E-C8D4E10D20FA}.Ad-Hoc|x64.Build.0 = Debug|Any CPU
		{DF537442-AB06-4233-BA2E-C8D4E10D20FA}.AppStore|Any CPU.ActiveCfg = Release|Any CPU
		{DF537442-AB06-4233-BA2E-C8D4E10D20FA}.AppStore|Any CPU.Build.0 = Release|Any CPU
		{DF537442-AB06-4233-BA2E-C8D4E10D20FA}.AppStore|iPhone.ActiveCfg = Release|Any CPU
		{DF537442-AB06-4233-BA2E-C8D4E10D20FA}.AppStore|iPhone.Build.0 = Release|Any CPU
		{DF537442-AB06-4233-BA2E-C8D4E10D20FA}.AppStore|iPhoneSimulator.ActiveCfg = Release|Any CPU
		{DF537442-AB06-4233-BA2E-C8D4E10D20FA}.AppStore|iPhoneSimulator.Build.0 = Release|Any CPU
		{DF537442-AB06-4233-BA2E-C8D4E10D20FA}.AppStore|x64.ActiveCfg = Debug|Any CPU
		{DF537442-AB06-4233-BA2E-C8D4E10D20FA}.AppStore|x64.Build.0 = Debug|Any CPU
		{DF537442-AB06-4233-BA2E-C8D4E10D20FA}.Debug|Any CPU.ActiveCfg = Debug|Any CPU
		{DF537442-AB06-4233-BA2E-C8D4E10D20FA}.Debug|Any CPU.Build.0 = Debug|Any CPU
		{DF537442-AB06-4233-BA2E-C8D4E10D20FA}.Debug|iPhone.ActiveCfg = Debug|Any CPU
		{DF537442-AB06-4233-BA2E-C8D4E10D20FA}.Debug|iPhone.Build.0 = Debug|Any CPU
		{DF537442-AB06-4233-BA2E-C8D4E10D20FA}.Debug|iPhoneSimulator.ActiveCfg = Debug|Any CPU
		{DF537442-AB06-4233-BA2E-C8D4E10D20FA}.Debug|iPhoneSimulator.Build.0 = Debug|Any CPU
		{DF537442-AB06-4233-BA2E-C8D4E10D20FA}.Debug|x64.ActiveCfg = Debug|Any CPU
		{DF537442-AB06-4233-BA2E-C8D4E10D20FA}.Debug|x64.Build.0 = Debug|Any CPU
		{DF537442-AB06-4233-BA2E-C8D4E10D20FA}.Release|Any CPU.ActiveCfg = Release|Any CPU
		{DF537442-AB06-4233-BA2E-C8D4E10D20FA}.Release|Any CPU.Build.0 = Release|Any CPU
		{DF537442-AB06-4233-BA2E-C8D4E10D20FA}.Release|iPhone.ActiveCfg = Release|Any CPU
		{DF537442-AB06-4233-BA2E-C8D4E10D20FA}.Release|iPhone.Build.0 = Release|Any CPU
		{DF537442-AB06-4233-BA2E-C8D4E10D20FA}.Release|iPhoneSimulator.ActiveCfg = Release|Any CPU
		{DF537442-AB06-4233-BA2E-C8D4E10D20FA}.Release|iPhoneSimulator.Build.0 = Release|Any CPU
		{DF537442-AB06-4233-BA2E-C8D4E10D20FA}.Release|x64.ActiveCfg = Release|Any CPU
		{DF537442-AB06-4233-BA2E-C8D4E10D20FA}.Release|x64.Build.0 = Release|Any CPU
		{FCAFC7C2-DE3F-4B31-9E81-2B8589411F52}.Ad-Hoc|Any CPU.ActiveCfg = Debug|Any CPU
		{FCAFC7C2-DE3F-4B31-9E81-2B8589411F52}.Ad-Hoc|Any CPU.Build.0 = Debug|Any CPU
		{FCAFC7C2-DE3F-4B31-9E81-2B8589411F52}.Ad-Hoc|iPhone.ActiveCfg = Debug|Any CPU
		{FCAFC7C2-DE3F-4B31-9E81-2B8589411F52}.Ad-Hoc|iPhone.Build.0 = Debug|Any CPU
		{FCAFC7C2-DE3F-4B31-9E81-2B8589411F52}.Ad-Hoc|iPhoneSimulator.ActiveCfg = Debug|Any CPU
		{FCAFC7C2-DE3F-4B31-9E81-2B8589411F52}.Ad-Hoc|iPhoneSimulator.Build.0 = Debug|Any CPU
		{FCAFC7C2-DE3F-4B31-9E81-2B8589411F52}.Ad-Hoc|x64.ActiveCfg = Release|Any CPU
		{FCAFC7C2-DE3F-4B31-9E81-2B8589411F52}.Ad-Hoc|x64.Build.0 = Release|Any CPU
		{FCAFC7C2-DE3F-4B31-9E81-2B8589411F52}.AppStore|Any CPU.ActiveCfg = Debug|Any CPU
		{FCAFC7C2-DE3F-4B31-9E81-2B8589411F52}.AppStore|Any CPU.Build.0 = Debug|Any CPU
		{FCAFC7C2-DE3F-4B31-9E81-2B8589411F52}.AppStore|iPhone.ActiveCfg = Debug|Any CPU
		{FCAFC7C2-DE3F-4B31-9E81-2B8589411F52}.AppStore|iPhone.Build.0 = Debug|Any CPU
		{FCAFC7C2-DE3F-4B31-9E81-2B8589411F52}.AppStore|iPhoneSimulator.ActiveCfg = Debug|Any CPU
		{FCAFC7C2-DE3F-4B31-9E81-2B8589411F52}.AppStore|iPhoneSimulator.Build.0 = Debug|Any CPU
		{FCAFC7C2-DE3F-4B31-9E81-2B8589411F52}.AppStore|x64.ActiveCfg = Release|Any CPU
		{FCAFC7C2-DE3F-4B31-9E81-2B8589411F52}.AppStore|x64.Build.0 = Release|Any CPU
		{FCAFC7C2-DE3F-4B31-9E81-2B8589411F52}.Debug|Any CPU.ActiveCfg = Debug|Any CPU
		{FCAFC7C2-DE3F-4B31-9E81-2B8589411F52}.Debug|Any CPU.Build.0 = Debug|Any CPU
		{FCAFC7C2-DE3F-4B31-9E81-2B8589411F52}.Debug|iPhone.ActiveCfg = Debug|Any CPU
		{FCAFC7C2-DE3F-4B31-9E81-2B8589411F52}.Debug|iPhone.Build.0 = Debug|Any CPU
		{FCAFC7C2-DE3F-4B31-9E81-2B8589411F52}.Debug|iPhoneSimulator.ActiveCfg = Debug|Any CPU
		{FCAFC7C2-DE3F-4B31-9E81-2B8589411F52}.Debug|iPhoneSimulator.Build.0 = Debug|Any CPU
		{FCAFC7C2-DE3F-4B31-9E81-2B8589411F52}.Debug|x64.ActiveCfg = Debug|Any CPU
		{FCAFC7C2-DE3F-4B31-9E81-2B8589411F52}.Debug|x64.Build.0 = Debug|Any CPU
		{FCAFC7C2-DE3F-4B31-9E81-2B8589411F52}.Release|Any CPU.ActiveCfg = Release|Any CPU
		{FCAFC7C2-DE3F-4B31-9E81-2B8589411F52}.Release|Any CPU.Build.0 = Release|Any CPU
		{FCAFC7C2-DE3F-4B31-9E81-2B8589411F52}.Release|iPhone.ActiveCfg = Release|Any CPU
		{FCAFC7C2-DE3F-4B31-9E81-2B8589411F52}.Release|iPhone.Build.0 = Release|Any CPU
		{FCAFC7C2-DE3F-4B31-9E81-2B8589411F52}.Release|iPhoneSimulator.ActiveCfg = Release|Any CPU
		{FCAFC7C2-DE3F-4B31-9E81-2B8589411F52}.Release|iPhoneSimulator.Build.0 = Release|Any CPU
		{FCAFC7C2-DE3F-4B31-9E81-2B8589411F52}.Release|x64.ActiveCfg = Release|Any CPU
		{FCAFC7C2-DE3F-4B31-9E81-2B8589411F52}.Release|x64.Build.0 = Release|Any CPU
		{50B7C970-06F7-4F34-8A89-7E7896ABFC01}.Ad-Hoc|Any CPU.ActiveCfg = Debug|Any CPU
		{50B7C970-06F7-4F34-8A89-7E7896ABFC01}.Ad-Hoc|Any CPU.Build.0 = Debug|Any CPU
		{50B7C970-06F7-4F34-8A89-7E7896ABFC01}.Ad-Hoc|iPhone.ActiveCfg = Debug|Any CPU
		{50B7C970-06F7-4F34-8A89-7E7896ABFC01}.Ad-Hoc|iPhone.Build.0 = Debug|Any CPU
		{50B7C970-06F7-4F34-8A89-7E7896ABFC01}.Ad-Hoc|iPhoneSimulator.ActiveCfg = Debug|Any CPU
		{50B7C970-06F7-4F34-8A89-7E7896ABFC01}.Ad-Hoc|iPhoneSimulator.Build.0 = Debug|Any CPU
		{50B7C970-06F7-4F34-8A89-7E7896ABFC01}.Ad-Hoc|x64.ActiveCfg = Debug|Any CPU
		{50B7C970-06F7-4F34-8A89-7E7896ABFC01}.Ad-Hoc|x64.Build.0 = Debug|Any CPU
		{50B7C970-06F7-4F34-8A89-7E7896ABFC01}.AppStore|Any CPU.ActiveCfg = Debug|Any CPU
		{50B7C970-06F7-4F34-8A89-7E7896ABFC01}.AppStore|Any CPU.Build.0 = Debug|Any CPU
		{50B7C970-06F7-4F34-8A89-7E7896ABFC01}.AppStore|iPhone.ActiveCfg = Debug|Any CPU
		{50B7C970-06F7-4F34-8A89-7E7896ABFC01}.AppStore|iPhone.Build.0 = Debug|Any CPU
		{50B7C970-06F7-4F34-8A89-7E7896ABFC01}.AppStore|iPhoneSimulator.ActiveCfg = Debug|Any CPU
		{50B7C970-06F7-4F34-8A89-7E7896ABFC01}.AppStore|iPhoneSimulator.Build.0 = Debug|Any CPU
		{50B7C970-06F7-4F34-8A89-7E7896ABFC01}.AppStore|x64.ActiveCfg = Debug|Any CPU
		{50B7C970-06F7-4F34-8A89-7E7896ABFC01}.AppStore|x64.Build.0 = Debug|Any CPU
		{50B7C970-06F7-4F34-8A89-7E7896ABFC01}.Debug|Any CPU.ActiveCfg = Debug|Any CPU
		{50B7C970-06F7-4F34-8A89-7E7896ABFC01}.Debug|Any CPU.Build.0 = Debug|Any CPU
		{50B7C970-06F7-4F34-8A89-7E7896ABFC01}.Debug|iPhone.ActiveCfg = Debug|Any CPU
		{50B7C970-06F7-4F34-8A89-7E7896ABFC01}.Debug|iPhone.Build.0 = Debug|Any CPU
		{50B7C970-06F7-4F34-8A89-7E7896ABFC01}.Debug|iPhoneSimulator.ActiveCfg = Debug|Any CPU
		{50B7C970-06F7-4F34-8A89-7E7896ABFC01}.Debug|iPhoneSimulator.Build.0 = Debug|Any CPU
		{50B7C970-06F7-4F34-8A89-7E7896ABFC01}.Debug|x64.ActiveCfg = Debug|Any CPU
		{50B7C970-06F7-4F34-8A89-7E7896ABFC01}.Debug|x64.Build.0 = Debug|Any CPU
		{50B7C970-06F7-4F34-8A89-7E7896ABFC01}.Release|Any CPU.ActiveCfg = Release|Any CPU
		{50B7C970-06F7-4F34-8A89-7E7896ABFC01}.Release|Any CPU.Build.0 = Release|Any CPU
		{50B7C970-06F7-4F34-8A89-7E7896ABFC01}.Release|iPhone.ActiveCfg = Release|Any CPU
		{50B7C970-06F7-4F34-8A89-7E7896ABFC01}.Release|iPhone.Build.0 = Release|Any CPU
		{50B7C970-06F7-4F34-8A89-7E7896ABFC01}.Release|iPhoneSimulator.ActiveCfg = Release|Any CPU
		{50B7C970-06F7-4F34-8A89-7E7896ABFC01}.Release|iPhoneSimulator.Build.0 = Release|Any CPU
		{50B7C970-06F7-4F34-8A89-7E7896ABFC01}.Release|x64.ActiveCfg = Release|Any CPU
		{50B7C970-06F7-4F34-8A89-7E7896ABFC01}.Release|x64.Build.0 = Release|Any CPU
		{DCFE3BDD-FFF4-4938-857C-AFC0114F5B8E}.Ad-Hoc|Any CPU.ActiveCfg = Release|Any CPU
		{DCFE3BDD-FFF4-4938-857C-AFC0114F5B8E}.Ad-Hoc|Any CPU.Build.0 = Release|Any CPU
		{DCFE3BDD-FFF4-4938-857C-AFC0114F5B8E}.Ad-Hoc|iPhone.ActiveCfg = Release|Any CPU
		{DCFE3BDD-FFF4-4938-857C-AFC0114F5B8E}.Ad-Hoc|iPhone.Build.0 = Release|Any CPU
		{DCFE3BDD-FFF4-4938-857C-AFC0114F5B8E}.Ad-Hoc|iPhoneSimulator.ActiveCfg = Release|Any CPU
		{DCFE3BDD-FFF4-4938-857C-AFC0114F5B8E}.Ad-Hoc|iPhoneSimulator.Build.0 = Release|Any CPU
		{DCFE3BDD-FFF4-4938-857C-AFC0114F5B8E}.Ad-Hoc|x64.ActiveCfg = Debug|Any CPU
		{DCFE3BDD-FFF4-4938-857C-AFC0114F5B8E}.Ad-Hoc|x64.Build.0 = Debug|Any CPU
		{DCFE3BDD-FFF4-4938-857C-AFC0114F5B8E}.AppStore|Any CPU.ActiveCfg = Release|Any CPU
		{DCFE3BDD-FFF4-4938-857C-AFC0114F5B8E}.AppStore|Any CPU.Build.0 = Release|Any CPU
		{DCFE3BDD-FFF4-4938-857C-AFC0114F5B8E}.AppStore|iPhone.ActiveCfg = Release|Any CPU
		{DCFE3BDD-FFF4-4938-857C-AFC0114F5B8E}.AppStore|iPhone.Build.0 = Release|Any CPU
		{DCFE3BDD-FFF4-4938-857C-AFC0114F5B8E}.AppStore|iPhoneSimulator.ActiveCfg = Release|Any CPU
		{DCFE3BDD-FFF4-4938-857C-AFC0114F5B8E}.AppStore|iPhoneSimulator.Build.0 = Release|Any CPU
		{DCFE3BDD-FFF4-4938-857C-AFC0114F5B8E}.AppStore|x64.ActiveCfg = Debug|Any CPU
		{DCFE3BDD-FFF4-4938-857C-AFC0114F5B8E}.AppStore|x64.Build.0 = Debug|Any CPU
		{DCFE3BDD-FFF4-4938-857C-AFC0114F5B8E}.Debug|Any CPU.ActiveCfg = Debug|Any CPU
		{DCFE3BDD-FFF4-4938-857C-AFC0114F5B8E}.Debug|Any CPU.Build.0 = Debug|Any CPU
		{DCFE3BDD-FFF4-4938-857C-AFC0114F5B8E}.Debug|iPhone.ActiveCfg = Debug|Any CPU
		{DCFE3BDD-FFF4-4938-857C-AFC0114F5B8E}.Debug|iPhone.Build.0 = Debug|Any CPU
		{DCFE3BDD-FFF4-4938-857C-AFC0114F5B8E}.Debug|iPhoneSimulator.ActiveCfg = Debug|Any CPU
		{DCFE3BDD-FFF4-4938-857C-AFC0114F5B8E}.Debug|iPhoneSimulator.Build.0 = Debug|Any CPU
		{DCFE3BDD-FFF4-4938-857C-AFC0114F5B8E}.Debug|x64.ActiveCfg = Debug|Any CPU
		{DCFE3BDD-FFF4-4938-857C-AFC0114F5B8E}.Debug|x64.Build.0 = Debug|Any CPU
		{DCFE3BDD-FFF4-4938-857C-AFC0114F5B8E}.Release|Any CPU.ActiveCfg = Release|Any CPU
		{DCFE3BDD-FFF4-4938-857C-AFC0114F5B8E}.Release|Any CPU.Build.0 = Release|Any CPU
		{DCFE3BDD-FFF4-4938-857C-AFC0114F5B8E}.Release|iPhone.ActiveCfg = Release|Any CPU
		{DCFE3BDD-FFF4-4938-857C-AFC0114F5B8E}.Release|iPhone.Build.0 = Release|Any CPU
		{DCFE3BDD-FFF4-4938-857C-AFC0114F5B8E}.Release|iPhoneSimulator.ActiveCfg = Release|Any CPU
		{DCFE3BDD-FFF4-4938-857C-AFC0114F5B8E}.Release|iPhoneSimulator.Build.0 = Release|Any CPU
		{DCFE3BDD-FFF4-4938-857C-AFC0114F5B8E}.Release|x64.ActiveCfg = Release|Any CPU
		{DCFE3BDD-FFF4-4938-857C-AFC0114F5B8E}.Release|x64.Build.0 = Release|Any CPU
	EndGlobalSection
	GlobalSection(SolutionProperties) = preSolution
		HideSolutionNode = FALSE
	EndGlobalSection
	GlobalSection(ExtensibilityGlobals) = postSolution
		SolutionGuid = {7ECC838C-1C12-4B0D-9ACA-CE3D8637F9A2}
	EndGlobalSection
EndGlobal
